// !$*UTF8*$!
{
	archiveVersion = 1;
	classes = {
	};
	objectVersion = 77;
	objects = {

/* Begin PBXBuildFile section */
		01E0115879B26A5A8BB7AD2D /* CodexSummarySnooze.swift in Sources */ = {isa = PBXBuildFile; fileRef = D2BFEE1CA9B1960DAE83434B /* CodexSummarySnooze.swift */; };
		030D210C70E01A036F0B550A /* CodexHelperLineReader.swift in Sources */ = {isa = PBXBuildFile; fileRef = D698FB4C9A50CA554B0550C8 /* CodexHelperLineReader.swift */; };
		0350F768560D8A4EB52D2596 /* PopupSummaryCardView.swift in Sources */ = {isa = PBXBuildFile; fileRef = 0D15D66529D9E2B5CCB5D169 /* PopupSummaryCardView.swift */; };
		05F26FC7CCC52F85B67FBA8A /* CodexHelperLineReader.swift in Sources */ = {isa = PBXBuildFile; fileRef = D698FB4C9A50CA554B0550C8 /* CodexHelperLineReader.swift */; };
		087306CE7BFE6CE626E4441A /* CodexAppResetter.swift in Sources */ = {isa = PBXBuildFile; fileRef = 9D4643340C8B906668F199F8 /* CodexAppResetter.swift */; };
		091F0761036C0B660CAF4F4F /* CodexFormatting.swift in Sources */ = {isa = PBXBuildFile; fileRef = 28C8C0A190E2CBBFBD0F5242 /* CodexFormatting.swift */; };
		0B4C80DD15E0974A1C293062 /* OnboardingRootView.swift in Sources */ = {isa = PBXBuildFile; fileRef = 39EDD9819BF6B9A3204E3F0F /* OnboardingRootView.swift */; };
		0D1EDC1B9A047BE21A729FEA /* PopupPresentation.swift in Sources */ = {isa = PBXBuildFile; fileRef = 1A7DC9461D5A89DDD41915EB /* PopupPresentation.swift */; };
		0D5147B0A0D575B227E2C660 /* CodexFormattingTests.swift in Sources */ = {isa = PBXBuildFile; fileRef = CFA0B71CFFD2820EA439D76C /* CodexFormattingTests.swift */; };
		0D82E69093B19642898C2603 /* CodexDashboardState.swift in Sources */ = {isa = PBXBuildFile; fileRef = 305AAF2B86E0F73329DCBC56 /* CodexDashboardState.swift */; };
		0F1ABA1AE10DC28793A2B00F /* OnboardingWindowController.swift in Sources */ = {isa = PBXBuildFile; fileRef = C4669C1614F876F713F88760 /* OnboardingWindowController.swift */; };
		0F64D0C3B63F0E7F1E7F260F /* CodexAppLinksTests.swift in Sources */ = {isa = PBXBuildFile; fileRef = 59C0255B318548B321F5FC4B /* CodexAppLinksTests.swift */; };
		11FB5E69156BB0A8CB8C7ABA /* Bundle+CodexVersion.swift in Sources */ = {isa = PBXBuildFile; fileRef = 05CCE50FE148626A7EEABCA7 /* Bundle+CodexVersion.swift */; };
		1325D72972219D26D0B74E4E /* CodexQuotaSnapshotBuilder.swift in Sources */ = {isa = PBXBuildFile; fileRef = 2763F8999C44DE7A51CB688F /* CodexQuotaSnapshotBuilder.swift */; };
		14552F1B2EEB7E4530B179B2 /* CodexRefreshCoordinator.swift in Sources */ = {isa = PBXBuildFile; fileRef = CC9E3D0D765146EDEEA25054 /* CodexRefreshCoordinator.swift */; };
		17640F87C09FECBB553D5520 /* CodexAppLinks.swift in Sources */ = {isa = PBXBuildFile; fileRef = 9E5F053505E884FBD559ACCC /* CodexAppLinks.swift */; };
		181A3BEAEEE1855FF052F319 /* CodexHistoryRepository.swift in Sources */ = {isa = PBXBuildFile; fileRef = EEF19D5BC8BD43C5743F981C /* CodexHistoryRepository.swift */; };
		193EC7AFFB032DFA821500B6 /* CodexAuthSession.swift in Sources */ = {isa = PBXBuildFile; fileRef = D24D957C6CAB61789A1C7AD1 /* CodexAuthSession.swift */; };
		1BF94E136A807E6684341548 /* CodexMeterCore.framework in Frameworks */ = {isa = PBXBuildFile; fileRef = 6869618B2897346A3AB60D26 /* CodexMeterCore.framework */; };
		1C0D0CDDE7501BCAD59D3BC1 /* CodexMeterCoreiOS.framework in Frameworks */ = {isa = PBXBuildFile; fileRef = 64A4FA0C1E3AFD300012B57A /* CodexMeterCoreiOS.framework */; };
		1DE8CA42D34331DA5D73EB2D /* CodexexiOSApp.swift in Sources */ = {isa = PBXBuildFile; fileRef = A729D4E01BB7C27D032909ED /* CodexexiOSApp.swift */; };
		1F716FB31CC97F437C153AD1 /* SettingsForecastCardView.swift in Sources */ = {isa = PBXBuildFile; fileRef = F7A0915351DD97681A213FCB /* SettingsForecastCardView.swift */; };
		2036B60D86528A7C1F7A8DD4 /* PopupLimitCardViews.swift in Sources */ = {isa = PBXBuildFile; fileRef = 8E944DBB615061BEA8E462D9 /* PopupLimitCardViews.swift */; };
		229EC58ECE3CFCD8DF564C91 /* CodexUsageHistoryAnalytics.swift in Sources */ = {isa = PBXBuildFile; fileRef = A52CF560D83450EF83AB67DA /* CodexUsageHistoryAnalytics.swift */; };
		22F81F822F338DDEE87B7455 /* CodexLog.swift in Sources */ = {isa = PBXBuildFile; fileRef = 1B61AAE1DA3B39D0AD2CB203 /* CodexLog.swift */; };
		2464986D9560A0BD07E6C0F2 /* CodexDeviceAuthCoordinator.swift in Sources */ = {isa = PBXBuildFile; fileRef = 2532C9697CC6730FC45790DE /* CodexDeviceAuthCoordinator.swift */; };
		2612BDEDDA88004D9176D78D /* GlassCard.swift in Sources */ = {isa = PBXBuildFile; fileRef = FE2909B5F3DAB30B7BDCACD5 /* GlassCard.swift */; };
		27A9B3C611933865DF8185D5 /* PopupPresentation.swift in Sources */ = {isa = PBXBuildFile; fileRef = 1A7DC9461D5A89DDD41915EB /* PopupPresentation.swift */; };
		2DD7F4B32FDD59E6D23C78E7 /* CodexMeterCore.framework in Frameworks */ = {isa = PBXBuildFile; fileRef = 6869618B2897346A3AB60D26 /* CodexMeterCore.framework */; };
		3345862044A399E80C2EAFC9 /* CodexMenuBarModel.swift in Sources */ = {isa = PBXBuildFile; fileRef = CBB02F9086358A6968D76E1F /* CodexMenuBarModel.swift */; };
		3485B4D8947D184E1E4785A1 /* CodexQuotaSnapshotBuilder.swift in Sources */ = {isa = PBXBuildFile; fileRef = 2763F8999C44DE7A51CB688F /* CodexQuotaSnapshotBuilder.swift */; };
		36D12549C8CAB472B2F8813D /* CodexiOSService.swift in Sources */ = {isa = PBXBuildFile; fileRef = 410E8DD13157EB9F9DA4D77D /* CodexiOSService.swift */; };
		3E4271A0C7BEE3807FDACFC4 /* GlassTokens.swift in Sources */ = {isa = PBXBuildFile; fileRef = 76C70A444F90564AD40EA87B /* GlassTokens.swift */; };
		41836F12DE50487C4B96DD9E /* CodexChatGPTAuthParsing.swift in Sources */ = {isa = PBXBuildFile; fileRef = F33BB53B6CA6F1CD3C0A9498 /* CodexChatGPTAuthParsing.swift */; };
		4392D10B273B2137A532FB34 /* CodexiOSPreviewData.swift in Sources */ = {isa = PBXBuildFile; fileRef = C90DDACEC2B0EE3ABE747387 /* CodexiOSPreviewData.swift */; };
		4651EB5530FD38D2992097C7 /* CodexHelperLineReaderTests.swift in Sources */ = {isa = PBXBuildFile; fileRef = 3A7C55E1352DA60FB7CCDD77 /* CodexHelperLineReaderTests.swift */; };
		468FBC25524EC0A57F88215D /* TestSupport.swift in Sources */ = {isa = PBXBuildFile; fileRef = E634F7A460DDEFBA77A8D6C2 /* TestSupport.swift */; };
		49CA232E5B819EC369F25345 /* CodexAppServerProbe.swift in Sources */ = {isa = PBXBuildFile; fileRef = 59BF4687D491CA6035EC1E43 /* CodexAppServerProbe.swift */; };
		4B1A1E766C201D31CDE00E6E /* StatusBarLabel.swift in Sources */ = {isa = PBXBuildFile; fileRef = 3134479F012B906A7D8DD00F /* StatusBarLabel.swift */; };
		4DBB1B07B795DDAEED280F65 /* CodexMeterCore.framework in Embed Frameworks */ = {isa = PBXBuildFile; fileRef = 6869618B2897346A3AB60D26 /* CodexMeterCore.framework */; settings = {ATTRIBUTES = (CodeSignOnCopy, RemoveHeadersOnCopy, ); }; };
		589F77FEADA1044E87EFEAC6 /* CodexServiceContractsTests.swift in Sources */ = {isa = PBXBuildFile; fileRef = B1861D53A1F57EB01F26800B /* CodexServiceContractsTests.swift */; };
		5D66AAF61CB0544A6778A318 /* CodexAuthFlow.swift in Sources */ = {isa = PBXBuildFile; fileRef = 663EB7F700A461322CFB2123 /* CodexAuthFlow.swift */; };
		6092EF48D5067D3AEA443F7A /* PopupStatusCardView.swift in Sources */ = {isa = PBXBuildFile; fileRef = D5BFA2D05C17A74BBBB6DF3E /* PopupStatusCardView.swift */; };
		60BAB253D539CB5D5B3EAC1F /* CodexPopoverSizingTests.swift in Sources */ = {isa = PBXBuildFile; fileRef = AE5366DEE91A1A176EEB2337 /* CodexPopoverSizingTests.swift */; };
		60FDC5DB302DDBA630D4C40C /* CodexAppSettings.swift in Sources */ = {isa = PBXBuildFile; fileRef = 3341C9D3222116EB47334518 /* CodexAppSettings.swift */; };
		6256AA0A194ABF81E19D313A /* AppIcon.icon in Resources */ = {isa = PBXBuildFile; fileRef = AE6B26C897C050086555E22C /* AppIcon.icon */; };
		63E99B528A8DBD3AC0D72413 /* CodexUsageHistoryStore.swift in Sources */ = {isa = PBXBuildFile; fileRef = 3209217BB7F873DF4FF8D1AF /* CodexUsageHistoryStore.swift */; };
		644B39D01815A567068D9F3D /* SettingsFormRows.swift in Sources */ = {isa = PBXBuildFile; fileRef = 4E75A58577491FB73E1AC4BF /* SettingsFormRows.swift */; };
		647FBBC6090D48536D9B232D /* SettingsAboutCard.swift in Sources */ = {isa = PBXBuildFile; fileRef = EE190C5B99912EAC0B0887CB /* SettingsAboutCard.swift */; };
		667546F85A7A45C96A8F0FC4 /* CodexServiceContracts.swift in Sources */ = {isa = PBXBuildFile; fileRef = 276FBBA17CA2600B367DBC25 /* CodexServiceContracts.swift */; };
		6681CD2BF38A4A5A14EF3ADD /* CodexRefreshCoordinatorTests.swift in Sources */ = {isa = PBXBuildFile; fileRef = EF2448A9CDCA1876C462E525 /* CodexRefreshCoordinatorTests.swift */; };
		6BF3CA164FBA64B561253B53 /* CodexUsageHistoryStore.swift in Sources */ = {isa = PBXBuildFile; fileRef = 3209217BB7F873DF4FF8D1AF /* CodexUsageHistoryStore.swift */; };
		71B3E39977240A141201FC7A /* CodexPreviewData.swift in Sources */ = {isa = PBXBuildFile; fileRef = A0F373CE46619902781235BE /* CodexPreviewData.swift */; };
		7305C2F98649F08FE80D04A0 /* CodexHelperSession.swift in Sources */ = {isa = PBXBuildFile; fileRef = C9B6AEA0C51A476054836FAF /* CodexHelperSession.swift */; };
		730F3BE8815401FF450C0155 /* Assets.xcassets in Resources */ = {isa = PBXBuildFile; fileRef = 9AADE08E274111411DA1BFE4 /* Assets.xcassets */; };
		7449C60C9161BC32E0F0F068 /* CodexModels.swift in Sources */ = {isa = PBXBuildFile; fileRef = 0F5C3585137CA0195CDC7B3A /* CodexModels.swift */; };
		7CBC557D3EBEE8CA7F57E6D4 /* SettingsWindowController.swift in Sources */ = {isa = PBXBuildFile; fileRef = 5B85225D5F3B2A1899DCF5C6 /* SettingsWindowController.swift */; };
		7CD6D1020EA328DC2FB91341 /* CodexMenuBarModel+UI.swift in Sources */ = {isa = PBXBuildFile; fileRef = C7B21E431498D1F93FE20578 /* CodexMenuBarModel+UI.swift */; };
		7F89E5F27D60DD0CEFA9CDBB /* PopupUsageHistoryCardView.swift in Sources */ = {isa = PBXBuildFile; fileRef = 2D4239A5022878524982EB35 /* PopupUsageHistoryCardView.swift */; };
		831CF45C2BBFB9E33426D4F7 /* CodexRateLimitPayloadMapper.swift in Sources */ = {isa = PBXBuildFile; fileRef = 4F296DCDAEEC79A9BB221618 /* CodexRateLimitPayloadMapper.swift */; };
		892EBCE2ACE00498D5827E62 /* main.swift in Sources */ = {isa = PBXBuildFile; fileRef = C15019DEB1216ABB27FF4B76 /* main.swift */; };
		89D991735CAA301CAA47D275 /* CodexQuotaPresentationRules.swift in Sources */ = {isa = PBXBuildFile; fileRef = 9F7CC244BD026232606AE671 /* CodexQuotaPresentationRules.swift */; };
		8B944EC71A661E1310E2D184 /* PopupRootView.swift in Sources */ = {isa = PBXBuildFile; fileRef = E6337B4BF12C9256AF34E241 /* PopupRootView.swift */; };
		8DC11928547AC258492A54B4 /* CodexLaunchAtLoginManager.swift in Sources */ = {isa = PBXBuildFile; fileRef = F2912FA060561F4B750A662B /* CodexLaunchAtLoginManager.swift */; };
		90E733EA912DCB2D3E1A768E /* CodexStatusItemController.swift in Sources */ = {isa = PBXBuildFile; fileRef = EE114164113759D2DF5B3823 /* CodexStatusItemController.swift */; };
		922F786C08CD8970EC3C1370 /* Assets.xcassets in Resources */ = {isa = PBXBuildFile; fileRef = 9AADE08E274111411DA1BFE4 /* Assets.xcassets */; };
		9249DF78079A398BA71C36F4 /* CodexexXPCService.xpc in CopyFiles */ = {isa = PBXBuildFile; fileRef = B735A3B02D954FDEAE629D2C /* CodexexXPCService.xpc */; settings = {ATTRIBUTES = (CodeSignOnCopy, RemoveHeadersOnCopy, ); }; };
		99ABB6DAC94055696EE03C1D /* CodexUsageInsightsTests.swift in Sources */ = {isa = PBXBuildFile; fileRef = ED32CC566DD1E354396E4024 /* CodexUsageInsightsTests.swift */; };
		9A4D02C4FBEBAF3542616A75 /* CodexBinaryLocatorTests.swift in Sources */ = {isa = PBXBuildFile; fileRef = 6295BEFAAD3C4835D1687CFA /* CodexBinaryLocatorTests.swift */; };
		9B84CC609C813BD6753FD295 /* CodexRateLimitPayloadMapperTests.swift in Sources */ = {isa = PBXBuildFile; fileRef = 3B0FE703A7C9226E39929552 /* CodexRateLimitPayloadMapperTests.swift */; };
		A4609AF211727EC12E2AA27E /* CodexXPCService.swift in Sources */ = {isa = PBXBuildFile; fileRef = 2FFF781EDCCE50F5B04750C6 /* CodexXPCService.swift */; };
		AB2FE6A4B740DD6D70A380AF /* CodexiOSModelTests.swift in Sources */ = {isa = PBXBuildFile; fileRef = C56D6F6EAAF8E18B5234FE95 /* CodexiOSModelTests.swift */; };
		ACD2515368196DC9D4DD8111 /* CodexSummarySnoozeTests.swift in Sources */ = {isa = PBXBuildFile; fileRef = 288B30A983334DB695B1EA43 /* CodexSummarySnoozeTests.swift */; };
		ADB34CDE2C32FD957D47CB0F /* CodexiOSOnboardingView.swift in Sources */ = {isa = PBXBuildFile; fileRef = 09D48D6D0C2F5DFF9E8CD72F /* CodexiOSOnboardingView.swift */; };
		AEA53DE6CBCE88B60297E5F4 /* CodexAuthSessionTests.swift in Sources */ = {isa = PBXBuildFile; fileRef = 35CBA154C102DFED745F319D /* CodexAuthSessionTests.swift */; };
		B197AD5E0AF396598F59B2AC /* CodexMenuBarModelAuthRestoreTests.swift in Sources */ = {isa = PBXBuildFile; fileRef = 5995BBB6A6A916972A573E87 /* CodexMenuBarModelAuthRestoreTests.swift */; };
		B2E6AF2E9FEF66375E81002D /* SettingsBehaviorCardView.swift in Sources */ = {isa = PBXBuildFile; fileRef = E94F48CFE7F5990105B8F6D9 /* SettingsBehaviorCardView.swift */; };
		B421A2A4926ED0971E359253 /* TestSupport.swift in Sources */ = {isa = PBXBuildFile; fileRef = E634F7A460DDEFBA77A8D6C2 /* TestSupport.swift */; };
		B976478ECF962794511F1BF0 /* CodexMeterCoreiOS.framework in Frameworks */ = {isa = PBXBuildFile; fileRef = 64A4FA0C1E3AFD300012B57A /* CodexMeterCoreiOS.framework */; };
		BBE13929F9BB653DEE20AB8B /* StatusBarLabelTests.swift in Sources */ = {isa = PBXBuildFile; fileRef = B50B52D38EBDD1E7DEC2CFFE /* StatusBarLabelTests.swift */; };
		BC8B438281A72BF4B14E15BC /* SettingsPopupCardView.swift in Sources */ = {isa = PBXBuildFile; fileRef = 5D596007917A46C19EBD5349 /* SettingsPopupCardView.swift */; };
		BD5771A6DC0098064F95FBA9 /* CodexQuotaPresentationRules.swift in Sources */ = {isa = PBXBuildFile; fileRef = 9F7CC244BD026232606AE671 /* CodexQuotaPresentationRules.swift */; };
		C12091F1FC2EF1E4C5A57DBC /* SettingsAccountCardView.swift in Sources */ = {isa = PBXBuildFile; fileRef = E1FDAFB849CE5DF61B0DFC7E /* SettingsAccountCardView.swift */; };
		C12CD61D80218EB9FA4D0A22 /* SettingsPreferencesCardView.swift in Sources */ = {isa = PBXBuildFile; fileRef = C8C076A9585FA44E239EAE67 /* SettingsPreferencesCardView.swift */; };
		C1E2FA3C5A90C0CA6AC14439 /* CodexiOSSettingsView.swift in Sources */ = {isa = PBXBuildFile; fileRef = 0E38C10501C5C72133474E3D /* CodexiOSSettingsView.swift */; };
		C43B02F97D41EF39DB75A23C /* CodexAppSettingsTests.swift in Sources */ = {isa = PBXBuildFile; fileRef = DCB6B7530865AEDFA9D5203D /* CodexAppSettingsTests.swift */; };
		C76BCA0E924E1B8753F68881 /* CodexHelperProcess.swift in Sources */ = {isa = PBXBuildFile; fileRef = 2F11D4461703FF707B59579E /* CodexHelperProcess.swift */; };
		CD116997DA122E934905992A /* CodexSnapshotParityTests.swift in Sources */ = {isa = PBXBuildFile; fileRef = 7DA33B4078836DE67FB6AA58 /* CodexSnapshotParityTests.swift */; };
		CFD2828F9157EDDA0FBA989E /* CodexFormatting.swift in Sources */ = {isa = PBXBuildFile; fileRef = 28C8C0A190E2CBBFBD0F5242 /* CodexFormatting.swift */; };
		D70F0751EFCDADB2666D1D63 /* CodexServiceContracts.swift in Sources */ = {isa = PBXBuildFile; fileRef = 276FBBA17CA2600B367DBC25 /* CodexServiceContracts.swift */; };
		D8038B694EA9FA27A7B46AE5 /* CodexQuotaPresentationRulesTests.swift in Sources */ = {isa = PBXBuildFile; fileRef = DC9BC1BF9B382E244D4BF941 /* CodexQuotaPresentationRulesTests.swift */; };
		DB203E93604D98ADF49E58B1 /* CodexMeterCoreiOS.framework in Embed Frameworks */ = {isa = PBXBuildFile; fileRef = 64A4FA0C1E3AFD300012B57A /* CodexMeterCoreiOS.framework */; settings = {ATTRIBUTES = (CodeSignOnCopy, RemoveHeadersOnCopy, ); }; };
		DD00D5CE6070434B1263329A /* CodexModels.swift in Sources */ = {isa = PBXBuildFile; fileRef = 0F5C3585137CA0195CDC7B3A /* CodexModels.swift */; };
		DD4CB70F7078A222872BD2EC /* CodexMeterCore.framework in Frameworks */ = {isa = PBXBuildFile; fileRef = 6869618B2897346A3AB60D26 /* CodexMeterCore.framework */; };
		DDF2D9EEC5835B3D9340B95E /* CodexMeterCoreiOS.framework in Embed Frameworks */ = {isa = PBXBuildFile; fileRef = 64A4FA0C1E3AFD300012B57A /* CodexMeterCoreiOS.framework */; settings = {ATTRIBUTES = (CodeSignOnCopy, RemoveHeadersOnCopy, ); }; };
		E13A3A3EF9689C3605DEB0AF /* CodexMeterCore.framework in Frameworks */ = {isa = PBXBuildFile; fileRef = 6869618B2897346A3AB60D26 /* CodexMeterCore.framework */; };
		E510502375D830FF2444E505 /* CodexAuthFlowTests.swift in Sources */ = {isa = PBXBuildFile; fileRef = 4210E40BC9A4833AE97FD5A9 /* CodexAuthFlowTests.swift */; };
		E89A3AEC81CD97A517303EA6 /* CodexiOSShellView.swift in Sources */ = {isa = PBXBuildFile; fileRef = 30FA00E5AFF9B1C21950BAC4 /* CodexiOSShellView.swift */; };
		E906DEEB74DBB7C138F0283E /* PopupPresentationTests.swift in Sources */ = {isa = PBXBuildFile; fileRef = 45ECD99179170D7137CE6A6B /* PopupPresentationTests.swift */; };
		EA57C43DAEA8F80A1FD9A21A /* CodexMeterCore.framework in Embed Frameworks */ = {isa = PBXBuildFile; fileRef = 6869618B2897346A3AB60D26 /* CodexMeterCore.framework */; settings = {ATTRIBUTES = (CodeSignOnCopy, RemoveHeadersOnCopy, ); }; };
		EBF0DF77D84EB224744F6567 /* CodexBinaryLocator.swift in Sources */ = {isa = PBXBuildFile; fileRef = 55540A16D4495A09BD25A98F /* CodexBinaryLocator.swift */; };
		ECE1E26B378C4F8589E8B65B /* CodexiOSModel.swift in Sources */ = {isa = PBXBuildFile; fileRef = BDAD19C107E25B335856C22D /* CodexiOSModel.swift */; };
		EEF3FBB667330AC39D0617F6 /* main.swift in Sources */ = {isa = PBXBuildFile; fileRef = 00DEADCC4A6A1910F07EC9CC /* main.swift */; };
		EF24F34CDE2523FA8E311794 /* CodexAppServerProbe.swift in Sources */ = {isa = PBXBuildFile; fileRef = 59BF4687D491CA6035EC1E43 /* CodexAppServerProbe.swift */; };
		F06B50BF36A35008D884B1FE /* CodexSummarySnooze.swift in Sources */ = {isa = PBXBuildFile; fileRef = D2BFEE1CA9B1960DAE83434B /* CodexSummarySnooze.swift */; };
		F21B4C1F8C5378293119ADAB /* CodexChatGPTAuthParsingTests.swift in Sources */ = {isa = PBXBuildFile; fileRef = A58E44E82E08336BA8201819 /* CodexChatGPTAuthParsingTests.swift */; };
		F2BAD453253C24E27116E93A /* CodexUsageHistoryAnalytics.swift in Sources */ = {isa = PBXBuildFile; fileRef = A52CF560D83450EF83AB67DA /* CodexUsageHistoryAnalytics.swift */; };
		F474E814E2D82839CEFAFD11 /* CodexChatGPTAuthParsing.swift in Sources */ = {isa = PBXBuildFile; fileRef = F33BB53B6CA6F1CD3C0A9498 /* CodexChatGPTAuthParsing.swift */; };
		F4F8F81DA23501208CF9F8AF /* Sentry in Frameworks */ = {isa = PBXBuildFile; productRef = 4D1403DF88E1AD84A18E26EB /* Sentry */; };
		F55AFF29F54237991EFDB250 /* SettingsRootView.swift in Sources */ = {isa = PBXBuildFile; fileRef = 4A0EFEAE8F340B06D8800306 /* SettingsRootView.swift */; };
		F6A7ADCC4643141531C0DC88 /* CodexRateLimitPayloadMapper.swift in Sources */ = {isa = PBXBuildFile; fileRef = 4F296DCDAEEC79A9BB221618 /* CodexRateLimitPayloadMapper.swift */; };
		F8ED4E0F636294445478971B /* CodexSnapshotParsingTests.swift in Sources */ = {isa = PBXBuildFile; fileRef = B56802AB05B67B2A4F883DA3 /* CodexSnapshotParsingTests.swift */; };
		F9130A4420C79C4986DAE766 /* CodexiOSAppResetter.swift in Sources */ = {isa = PBXBuildFile; fileRef = F71A43B620EED6061EFF23C8 /* CodexiOSAppResetter.swift */; };
		F9E83DD2E157817570A0D05C /* CodexMeterCore.framework in Embed Frameworks */ = {isa = PBXBuildFile; fileRef = 6869618B2897346A3AB60D26 /* CodexMeterCore.framework */; settings = {ATTRIBUTES = (CodeSignOnCopy, RemoveHeadersOnCopy, ); }; };
		FC55C31870893D02641000D1 /* CodexXPCClient.swift in Sources */ = {isa = PBXBuildFile; fileRef = CDE6B79C4A71C89D19D67F4A /* CodexXPCClient.swift */; };
		FD4188EA9253F1B034BD599E /* CodexBinaryLocator.swift in Sources */ = {isa = PBXBuildFile; fileRef = 55540A16D4495A09BD25A98F /* CodexBinaryLocator.swift */; };
		FFB0D2F0D9A7D4BFFC8C9216 /* CodexiOSRootView.swift in Sources */ = {isa = PBXBuildFile; fileRef = 49B4391C527FAE3FB893DF3A /* CodexiOSRootView.swift */; };
/* End PBXBuildFile section */

/* Begin PBXContainerItemProxy section */
		5CD8BA5383E5ECCF48699D73 /* PBXContainerItemProxy */ = {
			isa = PBXContainerItemProxy;
			containerPortal = B38BE37301588195707B7CBC /* Project object */;
			proxyType = 1;
			remoteGlobalIDString = E001A27FCBC9A09291B94E30;
			remoteInfo = CodexMeterCore;
		};
		63378E9F3A898639A79D8CC9 /* PBXContainerItemProxy */ = {
			isa = PBXContainerItemProxy;
			containerPortal = B38BE37301588195707B7CBC /* Project object */;
			proxyType = 1;
			remoteGlobalIDString = E001A27FCBC9A09291B94E30;
			remoteInfo = CodexMeterCore;
		};
		6CF1DE2917AE53EE8E89A070 /* PBXContainerItemProxy */ = {
			isa = PBXContainerItemProxy;
			containerPortal = B38BE37301588195707B7CBC /* Project object */;
			proxyType = 1;
			remoteGlobalIDString = E001A27FCBC9A09291B94E30;
			remoteInfo = CodexMeterCore;
		};
		7D6A8AB487ABD4313B8DCB71 /* PBXContainerItemProxy */ = {
			isa = PBXContainerItemProxy;
			containerPortal = B38BE37301588195707B7CBC /* Project object */;
			proxyType = 1;
			remoteGlobalIDString = 9848F6C94726058FF7AE6F06;
			remoteInfo = CodexexXPCService;
		};
		92D67519256D04A22027E755 /* PBXContainerItemProxy */ = {
			isa = PBXContainerItemProxy;
			containerPortal = B38BE37301588195707B7CBC /* Project object */;
			proxyType = 1;
			remoteGlobalIDString = C11EDA52EDCB2F70F127D058;
			remoteInfo = CodexMeterApp;
		};
		932B5340C456A18D832214A7 /* PBXContainerItemProxy */ = {
			isa = PBXContainerItemProxy;
			containerPortal = B38BE37301588195707B7CBC /* Project object */;
			proxyType = 1;
			remoteGlobalIDString = 86F920AA7003C4739DEA4777;
			remoteInfo = CodexMeterCoreiOS;
		};
		C3A4150246640451E39AFF48 /* PBXContainerItemProxy */ = {
			isa = PBXContainerItemProxy;
			containerPortal = B38BE37301588195707B7CBC /* Project object */;
			proxyType = 1;
			remoteGlobalIDString = 86F920AA7003C4739DEA4777;
			remoteInfo = CodexMeterCoreiOS;
		};
		FE49CDBA219015BEA17B7912 /* PBXContainerItemProxy */ = {
			isa = PBXContainerItemProxy;
			containerPortal = B38BE37301588195707B7CBC /* Project object */;
			proxyType = 1;
			remoteGlobalIDString = 020196355A81BE664A68010B;
			remoteInfo = CodexMeteriOS;
		};
		FFCF6978E6A2EEBA558C13CF /* PBXContainerItemProxy */ = {
			isa = PBXContainerItemProxy;
			containerPortal = B38BE37301588195707B7CBC /* Project object */;
			proxyType = 1;
			remoteGlobalIDString = E001A27FCBC9A09291B94E30;
			remoteInfo = CodexMeterCore;
		};
/* End PBXContainerItemProxy section */

/* Begin PBXCopyFilesBuildPhase section */
		1AFDE302C8292701AF2825BA /* Embed Frameworks */ = {
			isa = PBXCopyFilesBuildPhase;
			buildActionMask = 2147483647;
			dstPath = "";
			dstSubfolderSpec = 10;
			files = (
				4DBB1B07B795DDAEED280F65 /* CodexMeterCore.framework in Embed Frameworks */,
			);
			name = "Embed Frameworks";
			runOnlyForDeploymentPostprocessing = 0;
		};
		2BB55DC6CC0937FE45CAB3FC /* CopyFiles */ = {
			isa = PBXCopyFilesBuildPhase;
			buildActionMask = 2147483647;
			dstPath = "$(CONTENTS_FOLDER_PATH)/XPCServices";
			dstSubfolderSpec = 16;
			files = (
				9249DF78079A398BA71C36F4 /* CodexexXPCService.xpc in CopyFiles */,
			);
			runOnlyForDeploymentPostprocessing = 0;
		};
		47A92B7EACCFFEE1D9B146C8 /* Embed Frameworks */ = {
			isa = PBXCopyFilesBuildPhase;
			buildActionMask = 2147483647;
			dstPath = "";
			dstSubfolderSpec = 10;
			files = (
				DDF2D9EEC5835B3D9340B95E /* CodexMeterCoreiOS.framework in Embed Frameworks */,
			);
			name = "Embed Frameworks";
			runOnlyForDeploymentPostprocessing = 0;
		};
		AE945873E4A5362E5554DC18 /* Embed Frameworks */ = {
			isa = PBXCopyFilesBuildPhase;
			buildActionMask = 2147483647;
			dstPath = "";
			dstSubfolderSpec = 10;
			files = (
				EA57C43DAEA8F80A1FD9A21A /* CodexMeterCore.framework in Embed Frameworks */,
			);
			name = "Embed Frameworks";
			runOnlyForDeploymentPostprocessing = 0;
		};
		C28C8B5BA0F18FF73B259369 /* Embed Frameworks */ = {
			isa = PBXCopyFilesBuildPhase;
			buildActionMask = 2147483647;
			dstPath = "";
			dstSubfolderSpec = 10;
			files = (
				DB203E93604D98ADF49E58B1 /* CodexMeterCoreiOS.framework in Embed Frameworks */,
			);
			name = "Embed Frameworks";
			runOnlyForDeploymentPostprocessing = 0;
		};
		C62FE3B3130579305BC921DE /* Embed Frameworks */ = {
			isa = PBXCopyFilesBuildPhase;
			buildActionMask = 2147483647;
			dstPath = "";
			dstSubfolderSpec = 10;
			files = (
				F9E83DD2E157817570A0D05C /* CodexMeterCore.framework in Embed Frameworks */,
			);
			name = "Embed Frameworks";
			runOnlyForDeploymentPostprocessing = 0;
		};
/* End PBXCopyFilesBuildPhase section */

/* Begin PBXFileReference section */
		00DEADCC4A6A1910F07EC9CC /* main.swift */ = {isa = PBXFileReference; lastKnownFileType = sourcecode.swift; path = main.swift; sourceTree = "<group>"; };
		05CCE50FE148626A7EEABCA7 /* Bundle+CodexVersion.swift */ = {isa = PBXFileReference; lastKnownFileType = sourcecode.swift; path = "Bundle+CodexVersion.swift"; sourceTree = "<group>"; };
		09D48D6D0C2F5DFF9E8CD72F /* CodexiOSOnboardingView.swift */ = {isa = PBXFileReference; lastKnownFileType = sourcecode.swift; path = CodexiOSOnboardingView.swift; sourceTree = "<group>"; };
		0A6E3A9F28BCC97FDAEAA476 /* CodexMeterCoreTests.xctest */ = {isa = PBXFileReference; explicitFileType = wrapper.cfbundle; includeInIndex = 0; path = CodexMeterCoreTests.xctest; sourceTree = BUILT_PRODUCTS_DIR; };
		0D15D66529D9E2B5CCB5D169 /* PopupSummaryCardView.swift */ = {isa = PBXFileReference; lastKnownFileType = sourcecode.swift; path = PopupSummaryCardView.swift; sourceTree = "<group>"; };
		0E38C10501C5C72133474E3D /* CodexiOSSettingsView.swift */ = {isa = PBXFileReference; lastKnownFileType = sourcecode.swift; path = CodexiOSSettingsView.swift; sourceTree = "<group>"; };
		0F5C3585137CA0195CDC7B3A /* CodexModels.swift */ = {isa = PBXFileReference; lastKnownFileType = sourcecode.swift; path = CodexModels.swift; sourceTree = "<group>"; };
		1A7DC9461D5A89DDD41915EB /* PopupPresentation.swift */ = {isa = PBXFileReference; lastKnownFileType = sourcecode.swift; path = PopupPresentation.swift; sourceTree = "<group>"; };
		1B0D1E829EFE4D009291F307 /* CodexMeteriOSTests.xctest */ = {isa = PBXFileReference; includeInIndex = 0; lastKnownFileType = wrapper.cfbundle; path = CodexMeteriOSTests.xctest; sourceTree = BUILT_PRODUCTS_DIR; };
		1B61AAE1DA3B39D0AD2CB203 /* CodexLog.swift */ = {isa = PBXFileReference; lastKnownFileType = sourcecode.swift; path = CodexLog.swift; sourceTree = "<group>"; };
		2532C9697CC6730FC45790DE /* CodexDeviceAuthCoordinator.swift */ = {isa = PBXFileReference; lastKnownFileType = sourcecode.swift; path = CodexDeviceAuthCoordinator.swift; sourceTree = "<group>"; };
		2763F8999C44DE7A51CB688F /* CodexQuotaSnapshotBuilder.swift */ = {isa = PBXFileReference; lastKnownFileType = sourcecode.swift; path = CodexQuotaSnapshotBuilder.swift; sourceTree = "<group>"; };
		276FBBA17CA2600B367DBC25 /* CodexServiceContracts.swift */ = {isa = PBXFileReference; lastKnownFileType = sourcecode.swift; path = CodexServiceContracts.swift; sourceTree = "<group>"; };
		288B30A983334DB695B1EA43 /* CodexSummarySnoozeTests.swift */ = {isa = PBXFileReference; lastKnownFileType = sourcecode.swift; path = CodexSummarySnoozeTests.swift; sourceTree = "<group>"; };
		28C8C0A190E2CBBFBD0F5242 /* CodexFormatting.swift */ = {isa = PBXFileReference; lastKnownFileType = sourcecode.swift; path = CodexFormatting.swift; sourceTree = "<group>"; };
		2D4239A5022878524982EB35 /* PopupUsageHistoryCardView.swift */ = {isa = PBXFileReference; lastKnownFileType = sourcecode.swift; path = PopupUsageHistoryCardView.swift; sourceTree = "<group>"; };
		2F11D4461703FF707B59579E /* CodexHelperProcess.swift */ = {isa = PBXFileReference; lastKnownFileType = sourcecode.swift; path = CodexHelperProcess.swift; sourceTree = "<group>"; };
		2FFF781EDCCE50F5B04750C6 /* CodexXPCService.swift */ = {isa = PBXFileReference; lastKnownFileType = sourcecode.swift; path = CodexXPCService.swift; sourceTree = "<group>"; };
		305AAF2B86E0F73329DCBC56 /* CodexDashboardState.swift */ = {isa = PBXFileReference; lastKnownFileType = sourcecode.swift; path = CodexDashboardState.swift; sourceTree = "<group>"; };
		30FA00E5AFF9B1C21950BAC4 /* CodexiOSShellView.swift */ = {isa = PBXFileReference; lastKnownFileType = sourcecode.swift; path = CodexiOSShellView.swift; sourceTree = "<group>"; };
		3134479F012B906A7D8DD00F /* StatusBarLabel.swift */ = {isa = PBXFileReference; lastKnownFileType = sourcecode.swift; path = StatusBarLabel.swift; sourceTree = "<group>"; };
		3209217BB7F873DF4FF8D1AF /* CodexUsageHistoryStore.swift */ = {isa = PBXFileReference; lastKnownFileType = sourcecode.swift; path = CodexUsageHistoryStore.swift; sourceTree = "<group>"; };
		3341C9D3222116EB47334518 /* CodexAppSettings.swift */ = {isa = PBXFileReference; lastKnownFileType = sourcecode.swift; path = CodexAppSettings.swift; sourceTree = "<group>"; };
		33DB43B2CFC76618984DEC66 /* CodexMeterAppTests.xctest */ = {isa = PBXFileReference; explicitFileType = wrapper.cfbundle; includeInIndex = 0; path = CodexMeterAppTests.xctest; sourceTree = BUILT_PRODUCTS_DIR; };
		35CBA154C102DFED745F319D /* CodexAuthSessionTests.swift */ = {isa = PBXFileReference; lastKnownFileType = sourcecode.swift; path = CodexAuthSessionTests.swift; sourceTree = "<group>"; };
		39EDD9819BF6B9A3204E3F0F /* OnboardingRootView.swift */ = {isa = PBXFileReference; lastKnownFileType = sourcecode.swift; path = OnboardingRootView.swift; sourceTree = "<group>"; };
		3A7C55E1352DA60FB7CCDD77 /* CodexHelperLineReaderTests.swift */ = {isa = PBXFileReference; lastKnownFileType = sourcecode.swift; path = CodexHelperLineReaderTests.swift; sourceTree = "<group>"; };
		3B0FE703A7C9226E39929552 /* CodexRateLimitPayloadMapperTests.swift */ = {isa = PBXFileReference; lastKnownFileType = sourcecode.swift; path = CodexRateLimitPayloadMapperTests.swift; sourceTree = "<group>"; };
		3B7136BEC6127CE9C04C446E /* CodexMeteriOS.app */ = {isa = PBXFileReference; includeInIndex = 0; lastKnownFileType = wrapper.application; path = CodexMeteriOS.app; sourceTree = BUILT_PRODUCTS_DIR; };
		410E8DD13157EB9F9DA4D77D /* CodexiOSService.swift */ = {isa = PBXFileReference; lastKnownFileType = sourcecode.swift; path = CodexiOSService.swift; sourceTree = "<group>"; };
		4210E40BC9A4833AE97FD5A9 /* CodexAuthFlowTests.swift */ = {isa = PBXFileReference; lastKnownFileType = sourcecode.swift; path = CodexAuthFlowTests.swift; sourceTree = "<group>"; };
		45ECD99179170D7137CE6A6B /* PopupPresentationTests.swift */ = {isa = PBXFileReference; lastKnownFileType = sourcecode.swift; path = PopupPresentationTests.swift; sourceTree = "<group>"; };
		49B4391C527FAE3FB893DF3A /* CodexiOSRootView.swift */ = {isa = PBXFileReference; lastKnownFileType = sourcecode.swift; path = CodexiOSRootView.swift; sourceTree = "<group>"; };
		4A0EFEAE8F340B06D8800306 /* SettingsRootView.swift */ = {isa = PBXFileReference; lastKnownFileType = sourcecode.swift; path = SettingsRootView.swift; sourceTree = "<group>"; };
		4E75A58577491FB73E1AC4BF /* SettingsFormRows.swift */ = {isa = PBXFileReference; lastKnownFileType = sourcecode.swift; path = SettingsFormRows.swift; sourceTree = "<group>"; };
		4F296DCDAEEC79A9BB221618 /* CodexRateLimitPayloadMapper.swift */ = {isa = PBXFileReference; lastKnownFileType = sourcecode.swift; path = CodexRateLimitPayloadMapper.swift; sourceTree = "<group>"; };
		55540A16D4495A09BD25A98F /* CodexBinaryLocator.swift */ = {isa = PBXFileReference; lastKnownFileType = sourcecode.swift; path = CodexBinaryLocator.swift; sourceTree = "<group>"; };
		5995BBB6A6A916972A573E87 /* CodexMenuBarModelAuthRestoreTests.swift */ = {isa = PBXFileReference; lastKnownFileType = sourcecode.swift; path = CodexMenuBarModelAuthRestoreTests.swift; sourceTree = "<group>"; };
		59BF4687D491CA6035EC1E43 /* CodexAppServerProbe.swift */ = {isa = PBXFileReference; lastKnownFileType = sourcecode.swift; path = CodexAppServerProbe.swift; sourceTree = "<group>"; };
		59C0255B318548B321F5FC4B /* CodexAppLinksTests.swift */ = {isa = PBXFileReference; lastKnownFileType = sourcecode.swift; path = CodexAppLinksTests.swift; sourceTree = "<group>"; };
		5B85225D5F3B2A1899DCF5C6 /* SettingsWindowController.swift */ = {isa = PBXFileReference; lastKnownFileType = sourcecode.swift; path = SettingsWindowController.swift; sourceTree = "<group>"; };
		5D596007917A46C19EBD5349 /* SettingsPopupCardView.swift */ = {isa = PBXFileReference; lastKnownFileType = sourcecode.swift; path = SettingsPopupCardView.swift; sourceTree = "<group>"; };
		5FF2F47904F3343A31F70E84 /* Info.plist */ = {isa = PBXFileReference; lastKnownFileType = text.plist; path = Info.plist; sourceTree = "<group>"; };
		6295BEFAAD3C4835D1687CFA /* CodexBinaryLocatorTests.swift */ = {isa = PBXFileReference; lastKnownFileType = sourcecode.swift; path = CodexBinaryLocatorTests.swift; sourceTree = "<group>"; };
		64A4FA0C1E3AFD300012B57A /* CodexMeterCoreiOS.framework */ = {isa = PBXFileReference; explicitFileType = wrapper.framework; includeInIndex = 0; path = CodexMeterCoreiOS.framework; sourceTree = BUILT_PRODUCTS_DIR; };
		663EB7F700A461322CFB2123 /* CodexAuthFlow.swift */ = {isa = PBXFileReference; lastKnownFileType = sourcecode.swift; path = CodexAuthFlow.swift; sourceTree = "<group>"; };
		6869618B2897346A3AB60D26 /* CodexMeterCore.framework */ = {isa = PBXFileReference; explicitFileType = wrapper.framework; includeInIndex = 0; path = CodexMeterCore.framework; sourceTree = BUILT_PRODUCTS_DIR; };
		76C70A444F90564AD40EA87B /* GlassTokens.swift */ = {isa = PBXFileReference; lastKnownFileType = sourcecode.swift; path = GlassTokens.swift; sourceTree = "<group>"; };
		7DA33B4078836DE67FB6AA58 /* CodexSnapshotParityTests.swift */ = {isa = PBXFileReference; lastKnownFileType = sourcecode.swift; path = CodexSnapshotParityTests.swift; sourceTree = "<group>"; };
		8E944DBB615061BEA8E462D9 /* PopupLimitCardViews.swift */ = {isa = PBXFileReference; lastKnownFileType = sourcecode.swift; path = PopupLimitCardViews.swift; sourceTree = "<group>"; };
		9AADE08E274111411DA1BFE4 /* Assets.xcassets */ = {isa = PBXFileReference; lastKnownFileType = folder.assetcatalog; path = Assets.xcassets; sourceTree = "<group>"; };
		9D4643340C8B906668F199F8 /* CodexAppResetter.swift */ = {isa = PBXFileReference; lastKnownFileType = sourcecode.swift; path = CodexAppResetter.swift; sourceTree = "<group>"; };
		9E5F053505E884FBD559ACCC /* CodexAppLinks.swift */ = {isa = PBXFileReference; lastKnownFileType = sourcecode.swift; path = CodexAppLinks.swift; sourceTree = "<group>"; };
		9F7CC244BD026232606AE671 /* CodexQuotaPresentationRules.swift */ = {isa = PBXFileReference; lastKnownFileType = sourcecode.swift; path = CodexQuotaPresentationRules.swift; sourceTree = "<group>"; };
		A0F373CE46619902781235BE /* CodexPreviewData.swift */ = {isa = PBXFileReference; lastKnownFileType = sourcecode.swift; path = CodexPreviewData.swift; sourceTree = "<group>"; };
		A52CF560D83450EF83AB67DA /* CodexUsageHistoryAnalytics.swift */ = {isa = PBXFileReference; lastKnownFileType = sourcecode.swift; path = CodexUsageHistoryAnalytics.swift; sourceTree = "<group>"; };
		A58E44E82E08336BA8201819 /* CodexChatGPTAuthParsingTests.swift */ = {isa = PBXFileReference; lastKnownFileType = sourcecode.swift; path = CodexChatGPTAuthParsingTests.swift; sourceTree = "<group>"; };
		A6006DA1C920A31C12C2BB4E /* CodexMeterApp.app */ = {isa = PBXFileReference; explicitFileType = wrapper.application; includeInIndex = 0; path = CodexMeterApp.app; sourceTree = BUILT_PRODUCTS_DIR; };
		A729D4E01BB7C27D032909ED /* CodexexiOSApp.swift */ = {isa = PBXFileReference; lastKnownFileType = sourcecode.swift; path = CodexexiOSApp.swift; sourceTree = "<group>"; };
		AE5366DEE91A1A176EEB2337 /* CodexPopoverSizingTests.swift */ = {isa = PBXFileReference; lastKnownFileType = sourcecode.swift; path = CodexPopoverSizingTests.swift; sourceTree = "<group>"; };
		AE6B26C897C050086555E22C /* AppIcon.icon */ = {isa = PBXFileReference; lastKnownFileType = wrapper.icon; path = AppIcon.icon; sourceTree = "<group>"; };
		B1861D53A1F57EB01F26800B /* CodexServiceContractsTests.swift */ = {isa = PBXFileReference; lastKnownFileType = sourcecode.swift; path = CodexServiceContractsTests.swift; sourceTree = "<group>"; };
		B50B52D38EBDD1E7DEC2CFFE /* StatusBarLabelTests.swift */ = {isa = PBXFileReference; lastKnownFileType = sourcecode.swift; path = StatusBarLabelTests.swift; sourceTree = "<group>"; };
		B56802AB05B67B2A4F883DA3 /* CodexSnapshotParsingTests.swift */ = {isa = PBXFileReference; lastKnownFileType = sourcecode.swift; path = CodexSnapshotParsingTests.swift; sourceTree = "<group>"; };
		B735A3B02D954FDEAE629D2C /* CodexexXPCService.xpc */ = {isa = PBXFileReference; explicitFileType = "wrapper.xpc-service"; includeInIndex = 0; path = CodexexXPCService.xpc; sourceTree = BUILT_PRODUCTS_DIR; };
		BDAD19C107E25B335856C22D /* CodexiOSModel.swift */ = {isa = PBXFileReference; lastKnownFileType = sourcecode.swift; path = CodexiOSModel.swift; sourceTree = "<group>"; };
		C15019DEB1216ABB27FF4B76 /* main.swift */ = {isa = PBXFileReference; lastKnownFileType = sourcecode.swift; path = main.swift; sourceTree = "<group>"; };
		C4669C1614F876F713F88760 /* OnboardingWindowController.swift */ = {isa = PBXFileReference; lastKnownFileType = sourcecode.swift; path = OnboardingWindowController.swift; sourceTree = "<group>"; };
		C56D6F6EAAF8E18B5234FE95 /* CodexiOSModelTests.swift */ = {isa = PBXFileReference; lastKnownFileType = sourcecode.swift; path = CodexiOSModelTests.swift; sourceTree = "<group>"; };
		C7B21E431498D1F93FE20578 /* CodexMenuBarModel+UI.swift */ = {isa = PBXFileReference; lastKnownFileType = sourcecode.swift; path = "CodexMenuBarModel+UI.swift"; sourceTree = "<group>"; };
		C8C076A9585FA44E239EAE67 /* SettingsPreferencesCardView.swift */ = {isa = PBXFileReference; lastKnownFileType = sourcecode.swift; path = SettingsPreferencesCardView.swift; sourceTree = "<group>"; };
		C90DDACEC2B0EE3ABE747387 /* CodexiOSPreviewData.swift */ = {isa = PBXFileReference; lastKnownFileType = sourcecode.swift; path = CodexiOSPreviewData.swift; sourceTree = "<group>"; };
		C9B6AEA0C51A476054836FAF /* CodexHelperSession.swift */ = {isa = PBXFileReference; lastKnownFileType = sourcecode.swift; path = CodexHelperSession.swift; sourceTree = "<group>"; };
		CBB02F9086358A6968D76E1F /* CodexMenuBarModel.swift */ = {isa = PBXFileReference; lastKnownFileType = sourcecode.swift; path = CodexMenuBarModel.swift; sourceTree = "<group>"; };
		CC9E3D0D765146EDEEA25054 /* CodexRefreshCoordinator.swift */ = {isa = PBXFileReference; lastKnownFileType = sourcecode.swift; path = CodexRefreshCoordinator.swift; sourceTree = "<group>"; };
		CDE6B79C4A71C89D19D67F4A /* CodexXPCClient.swift */ = {isa = PBXFileReference; lastKnownFileType = sourcecode.swift; path = CodexXPCClient.swift; sourceTree = "<group>"; };
		CFA0B71CFFD2820EA439D76C /* CodexFormattingTests.swift */ = {isa = PBXFileReference; lastKnownFileType = sourcecode.swift; path = CodexFormattingTests.swift; sourceTree = "<group>"; };
		D24D957C6CAB61789A1C7AD1 /* CodexAuthSession.swift */ = {isa = PBXFileReference; lastKnownFileType = sourcecode.swift; path = CodexAuthSession.swift; sourceTree = "<group>"; };
		D2BFEE1CA9B1960DAE83434B /* CodexSummarySnooze.swift */ = {isa = PBXFileReference; lastKnownFileType = sourcecode.swift; path = CodexSummarySnooze.swift; sourceTree = "<group>"; };
		D5BFA2D05C17A74BBBB6DF3E /* PopupStatusCardView.swift */ = {isa = PBXFileReference; lastKnownFileType = sourcecode.swift; path = PopupStatusCardView.swift; sourceTree = "<group>"; };
		D698FB4C9A50CA554B0550C8 /* CodexHelperLineReader.swift */ = {isa = PBXFileReference; lastKnownFileType = sourcecode.swift; path = CodexHelperLineReader.swift; sourceTree = "<group>"; };
		DC9BC1BF9B382E244D4BF941 /* CodexQuotaPresentationRulesTests.swift */ = {isa = PBXFileReference; lastKnownFileType = sourcecode.swift; path = CodexQuotaPresentationRulesTests.swift; sourceTree = "<group>"; };
		DCB6B7530865AEDFA9D5203D /* CodexAppSettingsTests.swift */ = {isa = PBXFileReference; lastKnownFileType = sourcecode.swift; path = CodexAppSettingsTests.swift; sourceTree = "<group>"; };
		E1FDAFB849CE5DF61B0DFC7E /* SettingsAccountCardView.swift */ = {isa = PBXFileReference; lastKnownFileType = sourcecode.swift; path = SettingsAccountCardView.swift; sourceTree = "<group>"; };
		E6337B4BF12C9256AF34E241 /* PopupRootView.swift */ = {isa = PBXFileReference; lastKnownFileType = sourcecode.swift; path = PopupRootView.swift; sourceTree = "<group>"; };
		E634F7A460DDEFBA77A8D6C2 /* TestSupport.swift */ = {isa = PBXFileReference; lastKnownFileType = sourcecode.swift; path = TestSupport.swift; sourceTree = "<group>"; };
		E94F48CFE7F5990105B8F6D9 /* SettingsBehaviorCardView.swift */ = {isa = PBXFileReference; lastKnownFileType = sourcecode.swift; path = SettingsBehaviorCardView.swift; sourceTree = "<group>"; };
		ED32CC566DD1E354396E4024 /* CodexUsageInsightsTests.swift */ = {isa = PBXFileReference; lastKnownFileType = sourcecode.swift; path = CodexUsageInsightsTests.swift; sourceTree = "<group>"; };
		EE114164113759D2DF5B3823 /* CodexStatusItemController.swift */ = {isa = PBXFileReference; lastKnownFileType = sourcecode.swift; path = CodexStatusItemController.swift; sourceTree = "<group>"; };
		EE190C5B99912EAC0B0887CB /* SettingsAboutCard.swift */ = {isa = PBXFileReference; lastKnownFileType = sourcecode.swift; path = SettingsAboutCard.swift; sourceTree = "<group>"; };
		EEF19D5BC8BD43C5743F981C /* CodexHistoryRepository.swift */ = {isa = PBXFileReference; lastKnownFileType = sourcecode.swift; path = CodexHistoryRepository.swift; sourceTree = "<group>"; };
		EF2448A9CDCA1876C462E525 /* CodexRefreshCoordinatorTests.swift */ = {isa = PBXFileReference; lastKnownFileType = sourcecode.swift; path = CodexRefreshCoordinatorTests.swift; sourceTree = "<group>"; };
		F2912FA060561F4B750A662B /* CodexLaunchAtLoginManager.swift */ = {isa = PBXFileReference; lastKnownFileType = sourcecode.swift; path = CodexLaunchAtLoginManager.swift; sourceTree = "<group>"; };
		F33BB53B6CA6F1CD3C0A9498 /* CodexChatGPTAuthParsing.swift */ = {isa = PBXFileReference; lastKnownFileType = sourcecode.swift; path = CodexChatGPTAuthParsing.swift; sourceTree = "<group>"; };
		F71A43B620EED6061EFF23C8 /* CodexiOSAppResetter.swift */ = {isa = PBXFileReference; lastKnownFileType = sourcecode.swift; path = CodexiOSAppResetter.swift; sourceTree = "<group>"; };
		F7A0915351DD97681A213FCB /* SettingsForecastCardView.swift */ = {isa = PBXFileReference; lastKnownFileType = sourcecode.swift; path = SettingsForecastCardView.swift; sourceTree = "<group>"; };
		FE2909B5F3DAB30B7BDCACD5 /* GlassCard.swift */ = {isa = PBXFileReference; lastKnownFileType = sourcecode.swift; path = GlassCard.swift; sourceTree = "<group>"; };
/* End PBXFileReference section */

/* Begin PBXFrameworksBuildPhase section */
		015925E17C5A8D9382EFB1DA /* Frameworks */ = {
			isa = PBXFrameworksBuildPhase;
			buildActionMask = 2147483647;
			files = (
				E13A3A3EF9689C3605DEB0AF /* CodexMeterCore.framework in Frameworks */,
			);
			runOnlyForDeploymentPostprocessing = 0;
		};
		0B0C5D2634BD2F11E38B7EEB /* Frameworks */ = {
			isa = PBXFrameworksBuildPhase;
			buildActionMask = 2147483647;
			files = (
				1BF94E136A807E6684341548 /* CodexMeterCore.framework in Frameworks */,
			);
			runOnlyForDeploymentPostprocessing = 0;
		};
		36B1C28C1F981BC1178A27B5 /* Frameworks */ = {
			isa = PBXFrameworksBuildPhase;
			buildActionMask = 2147483647;
			files = (
				DD4CB70F7078A222872BD2EC /* CodexMeterCore.framework in Frameworks */,
			);
			runOnlyForDeploymentPostprocessing = 0;
		};
		5232372C16D754B22DB180A7 /* Frameworks */ = {
			isa = PBXFrameworksBuildPhase;
			buildActionMask = 2147483647;
			files = (
				1C0D0CDDE7501BCAD59D3BC1 /* CodexMeterCoreiOS.framework in Frameworks */,
			);
			runOnlyForDeploymentPostprocessing = 0;
		};
		8E412827555D8474F39C9440 /* Frameworks */ = {
			isa = PBXFrameworksBuildPhase;
			buildActionMask = 2147483647;
			files = (
				B976478ECF962794511F1BF0 /* CodexMeterCoreiOS.framework in Frameworks */,
			);
			runOnlyForDeploymentPostprocessing = 0;
		};
		971D435088F5B5461F670DF2 /* Frameworks */ = {
			isa = PBXFrameworksBuildPhase;
			buildActionMask = 2147483647;
			files = (
				2DD7F4B32FDD59E6D23C78E7 /* CodexMeterCore.framework in Frameworks */,
				F4F8F81DA23501208CF9F8AF /* Sentry in Frameworks */,
			);
			runOnlyForDeploymentPostprocessing = 0;
		};
/* End PBXFrameworksBuildPhase section */

/* Begin PBXGroup section */
		22C2E9B9ABD2A67200EAB7ED /* CodexMeterApp */ = {
			isa = PBXGroup;
			children = (
				AE6B26C897C050086555E22C /* AppIcon.icon */,
				9AADE08E274111411DA1BFE4 /* Assets.xcassets */,
				00DEADCC4A6A1910F07EC9CC /* main.swift */,
				9AD8EDA8621D617420327DBF /* Support */,
				4416A22626B4ED45E99345D1 /* UI */,
				6414464929F2CA50E5440403 /* Windows */,
			);
			name = CodexMeterApp;
			path = Sources/CodexMeterApp;
			sourceTree = "<group>";
		};
		34C4B51AE620A8EC05FF5D9C /* CodexMeterCore */ = {
			isa = PBXGroup;
			children = (
				59BF4687D491CA6035EC1E43 /* CodexAppServerProbe.swift */,
				55540A16D4495A09BD25A98F /* CodexBinaryLocator.swift */,
				F33BB53B6CA6F1CD3C0A9498 /* CodexChatGPTAuthParsing.swift */,
				28C8C0A190E2CBBFBD0F5242 /* CodexFormatting.swift */,
				D698FB4C9A50CA554B0550C8 /* CodexHelperLineReader.swift */,
				0F5C3585137CA0195CDC7B3A /* CodexModels.swift */,
				9F7CC244BD026232606AE671 /* CodexQuotaPresentationRules.swift */,
				2763F8999C44DE7A51CB688F /* CodexQuotaSnapshotBuilder.swift */,
				4F296DCDAEEC79A9BB221618 /* CodexRateLimitPayloadMapper.swift */,
				276FBBA17CA2600B367DBC25 /* CodexServiceContracts.swift */,
				E634F7A460DDEFBA77A8D6C2 /* TestSupport.swift */,
			);
			name = CodexMeterCore;
			path = Sources/CodexMeterCore;
			sourceTree = "<group>";
		};
		38CA4138D91F13B72E7B85A6 /* CodexMeterAppTests */ = {
			isa = PBXGroup;
			children = (
				59C0255B318548B321F5FC4B /* CodexAppLinksTests.swift */,
				DCB6B7530865AEDFA9D5203D /* CodexAppSettingsTests.swift */,
				4210E40BC9A4833AE97FD5A9 /* CodexAuthFlowTests.swift */,
				35CBA154C102DFED745F319D /* CodexAuthSessionTests.swift */,
				5995BBB6A6A916972A573E87 /* CodexMenuBarModelAuthRestoreTests.swift */,
				AE5366DEE91A1A176EEB2337 /* CodexPopoverSizingTests.swift */,
				EF2448A9CDCA1876C462E525 /* CodexRefreshCoordinatorTests.swift */,
				288B30A983334DB695B1EA43 /* CodexSummarySnoozeTests.swift */,
				ED32CC566DD1E354396E4024 /* CodexUsageInsightsTests.swift */,
				45ECD99179170D7137CE6A6B /* PopupPresentationTests.swift */,
				B50B52D38EBDD1E7DEC2CFFE /* StatusBarLabelTests.swift */,
			);
			name = CodexMeterAppTests;
			path = Tests/CodexMeterAppTests;
			sourceTree = "<group>";
		};
		4416A22626B4ED45E99345D1 /* UI */ = {
			isa = PBXGroup;
			children = (
				C7B21E431498D1F93FE20578 /* CodexMenuBarModel+UI.swift */,
				FE2909B5F3DAB30B7BDCACD5 /* GlassCard.swift */,
				76C70A444F90564AD40EA87B /* GlassTokens.swift */,
				39EDD9819BF6B9A3204E3F0F /* OnboardingRootView.swift */,
				8E944DBB615061BEA8E462D9 /* PopupLimitCardViews.swift */,
				1A7DC9461D5A89DDD41915EB /* PopupPresentation.swift */,
				E6337B4BF12C9256AF34E241 /* PopupRootView.swift */,
				D5BFA2D05C17A74BBBB6DF3E /* PopupStatusCardView.swift */,
				0D15D66529D9E2B5CCB5D169 /* PopupSummaryCardView.swift */,
				2D4239A5022878524982EB35 /* PopupUsageHistoryCardView.swift */,
				EE190C5B99912EAC0B0887CB /* SettingsAboutCard.swift */,
				E1FDAFB849CE5DF61B0DFC7E /* SettingsAccountCardView.swift */,
				E94F48CFE7F5990105B8F6D9 /* SettingsBehaviorCardView.swift */,
				F7A0915351DD97681A213FCB /* SettingsForecastCardView.swift */,
				4E75A58577491FB73E1AC4BF /* SettingsFormRows.swift */,
				5D596007917A46C19EBD5349 /* SettingsPopupCardView.swift */,
				C8C076A9585FA44E239EAE67 /* SettingsPreferencesCardView.swift */,
				4A0EFEAE8F340B06D8800306 /* SettingsRootView.swift */,
				3134479F012B906A7D8DD00F /* StatusBarLabel.swift */,
			);
			path = UI;
			sourceTree = "<group>";
		};
		5ACA3B32C0FD7E8E1183EC8A /* CodexMeteriOS */ = {
			isa = PBXGroup;
			children = (
				A729D4E01BB7C27D032909ED /* CodexexiOSApp.swift */,
				F71A43B620EED6061EFF23C8 /* CodexiOSAppResetter.swift */,
				BDAD19C107E25B335856C22D /* CodexiOSModel.swift */,
				09D48D6D0C2F5DFF9E8CD72F /* CodexiOSOnboardingView.swift */,
				C90DDACEC2B0EE3ABE747387 /* CodexiOSPreviewData.swift */,
				49B4391C527FAE3FB893DF3A /* CodexiOSRootView.swift */,
				410E8DD13157EB9F9DA4D77D /* CodexiOSService.swift */,
				0E38C10501C5C72133474E3D /* CodexiOSSettingsView.swift */,
				30FA00E5AFF9B1C21950BAC4 /* CodexiOSShellView.swift */,
			);
			name = CodexMeteriOS;
			path = Sources/CodexMeteriOS;
			sourceTree = "<group>";
		};
		6414464929F2CA50E5440403 /* Windows */ = {
			isa = PBXGroup;
			children = (
				C4669C1614F876F713F88760 /* OnboardingWindowController.swift */,
				5B85225D5F3B2A1899DCF5C6 /* SettingsWindowController.swift */,
			);
			path = Windows;
			sourceTree = "<group>";
		};
		67922B181626C1F29828764C /* CodexMeterCoreTests */ = {
			isa = PBXGroup;
			children = (
				6295BEFAAD3C4835D1687CFA /* CodexBinaryLocatorTests.swift */,
				A58E44E82E08336BA8201819 /* CodexChatGPTAuthParsingTests.swift */,
				CFA0B71CFFD2820EA439D76C /* CodexFormattingTests.swift */,
				3A7C55E1352DA60FB7CCDD77 /* CodexHelperLineReaderTests.swift */,
				DC9BC1BF9B382E244D4BF941 /* CodexQuotaPresentationRulesTests.swift */,
				3B0FE703A7C9226E39929552 /* CodexRateLimitPayloadMapperTests.swift */,
				B1861D53A1F57EB01F26800B /* CodexServiceContractsTests.swift */,
				7DA33B4078836DE67FB6AA58 /* CodexSnapshotParityTests.swift */,
				B56802AB05B67B2A4F883DA3 /* CodexSnapshotParsingTests.swift */,
			);
			name = CodexMeterCoreTests;
			path = Tests/CodexMeterCoreTests;
			sourceTree = "<group>";
		};
		6CD4B717738ED5A5FDE631A8 /* CodexexXPCService */ = {
			isa = PBXGroup;
			children = (
				2F11D4461703FF707B59579E /* CodexHelperProcess.swift */,
				C9B6AEA0C51A476054836FAF /* CodexHelperSession.swift */,
				2FFF781EDCCE50F5B04750C6 /* CodexXPCService.swift */,
				5FF2F47904F3343A31F70E84 /* Info.plist */,
				C15019DEB1216ABB27FF4B76 /* main.swift */,
			);
			name = CodexexXPCService;
			path = Sources/CodexexXPCService;
			sourceTree = "<group>";
		};
		818C0D10E47D92C62E20625D /* Products */ = {
			isa = PBXGroup;
			children = (
				B735A3B02D954FDEAE629D2C /* CodexexXPCService.xpc */,
				A6006DA1C920A31C12C2BB4E /* CodexMeterApp.app */,
				33DB43B2CFC76618984DEC66 /* CodexMeterAppTests.xctest */,
				6869618B2897346A3AB60D26 /* CodexMeterCore.framework */,
				64A4FA0C1E3AFD300012B57A /* CodexMeterCoreiOS.framework */,
				0A6E3A9F28BCC97FDAEAA476 /* CodexMeterCoreTests.xctest */,
				3B7136BEC6127CE9C04C446E /* CodexMeteriOS.app */,
				1B0D1E829EFE4D009291F307 /* CodexMeteriOSTests.xctest */,
			);
			name = Products;
			sourceTree = "<group>";
		};
		9AD8EDA8621D617420327DBF /* Support */ = {
			isa = PBXGroup;
			children = (
				05CCE50FE148626A7EEABCA7 /* Bundle+CodexVersion.swift */,
				9E5F053505E884FBD559ACCC /* CodexAppLinks.swift */,
				9D4643340C8B906668F199F8 /* CodexAppResetter.swift */,
				3341C9D3222116EB47334518 /* CodexAppSettings.swift */,
				663EB7F700A461322CFB2123 /* CodexAuthFlow.swift */,
				D24D957C6CAB61789A1C7AD1 /* CodexAuthSession.swift */,
				305AAF2B86E0F73329DCBC56 /* CodexDashboardState.swift */,
				2532C9697CC6730FC45790DE /* CodexDeviceAuthCoordinator.swift */,
				EEF19D5BC8BD43C5743F981C /* CodexHistoryRepository.swift */,
				F2912FA060561F4B750A662B /* CodexLaunchAtLoginManager.swift */,
				1B61AAE1DA3B39D0AD2CB203 /* CodexLog.swift */,
				CBB02F9086358A6968D76E1F /* CodexMenuBarModel.swift */,
				A0F373CE46619902781235BE /* CodexPreviewData.swift */,
				CC9E3D0D765146EDEEA25054 /* CodexRefreshCoordinator.swift */,
				EE114164113759D2DF5B3823 /* CodexStatusItemController.swift */,
				D2BFEE1CA9B1960DAE83434B /* CodexSummarySnooze.swift */,
				A52CF560D83450EF83AB67DA /* CodexUsageHistoryAnalytics.swift */,
				3209217BB7F873DF4FF8D1AF /* CodexUsageHistoryStore.swift */,
				CDE6B79C4A71C89D19D67F4A /* CodexXPCClient.swift */,
			);
			path = Support;
			sourceTree = "<group>";
		};
		D0C67F707AEA286BBCDC6643 /* CodexMeteriOSTests */ = {
			isa = PBXGroup;
			children = (
				C56D6F6EAAF8E18B5234FE95 /* CodexiOSModelTests.swift */,
			);
			name = CodexMeteriOSTests;
			path = Tests/CodexMeteriOSTests;
			sourceTree = "<group>";
		};
		F85EB746FCE29E8A39E0A655 = {
			isa = PBXGroup;
			children = (
				6CD4B717738ED5A5FDE631A8 /* CodexexXPCService */,
				22C2E9B9ABD2A67200EAB7ED /* CodexMeterApp */,
				38CA4138D91F13B72E7B85A6 /* CodexMeterAppTests */,
				34C4B51AE620A8EC05FF5D9C /* CodexMeterCore */,
				67922B181626C1F29828764C /* CodexMeterCoreTests */,
				5ACA3B32C0FD7E8E1183EC8A /* CodexMeteriOS */,
				D0C67F707AEA286BBCDC6643 /* CodexMeteriOSTests */,
				818C0D10E47D92C62E20625D /* Products */,
			);
			sourceTree = "<group>";
		};
/* End PBXGroup section */

/* Begin PBXNativeTarget section */
		020196355A81BE664A68010B /* CodexMeteriOS */ = {
			isa = PBXNativeTarget;
			buildConfigurationList = BF71A19C91D33C39D6AEBC0B /* Build configuration list for PBXNativeTarget "CodexMeteriOS" */;
			buildPhases = (
				42174F2F8074081FC8366E78 /* Sources */,
				57732CF0AFF0D09F851F884F /* Resources */,
				5232372C16D754B22DB180A7 /* Frameworks */,
				47A92B7EACCFFEE1D9B146C8 /* Embed Frameworks */,
			);
			buildRules = (
			);
			dependencies = (
				6388893D3C1E27B01B882FE8 /* PBXTargetDependency */,
			);
			name = CodexMeteriOS;
			packageProductDependencies = (
			);
			productName = CodexMeteriOS;
			productReference = 3B7136BEC6127CE9C04C446E /* CodexMeteriOS.app */;
			productType = "com.apple.product-type.application";
		};
		4FE2642647A310D0B7E2A6E6 /* CodexMeterAppTests */ = {
			isa = PBXNativeTarget;
			buildConfigurationList = 7F7D365776B2C2F2FE4FA98D /* Build configuration list for PBXNativeTarget "CodexMeterAppTests" */;
			buildPhases = (
				3CBEE077210EED1B5CF2B87F /* Sources */,
				36B1C28C1F981BC1178A27B5 /* Frameworks */,
				C62FE3B3130579305BC921DE /* Embed Frameworks */,
			);
			buildRules = (
			);
			dependencies = (
				440FC600BF3C5956202422F0 /* PBXTargetDependency */,
				A2B25692B3B24094B61DCBC2 /* PBXTargetDependency */,
			);
			name = CodexMeterAppTests;
			packageProductDependencies = (
			);
			productName = CodexMeterAppTests;
			productReference = 33DB43B2CFC76618984DEC66 /* CodexMeterAppTests.xctest */;
			productType = "com.apple.product-type.bundle.unit-test";
		};
		5009AD218297ED6685E8D0BE /* CodexMeteriOSTests */ = {
			isa = PBXNativeTarget;
			buildConfigurationList = 50A94E750437B83E6F98200B /* Build configuration list for PBXNativeTarget "CodexMeteriOSTests" */;
			buildPhases = (
				416FE8C8E51FA37B60BE8A7F /* Sources */,
				8E412827555D8474F39C9440 /* Frameworks */,
				C28C8B5BA0F18FF73B259369 /* Embed Frameworks */,
			);
			buildRules = (
			);
			dependencies = (
				2028DFFC9E26F2061E55C21A /* PBXTargetDependency */,
				6FAA778C9F5D185C46BC789B /* PBXTargetDependency */,
			);
			name = CodexMeteriOSTests;
			packageProductDependencies = (
			);
			productName = CodexMeteriOSTests;
			productReference = 1B0D1E829EFE4D009291F307 /* CodexMeteriOSTests.xctest */;
			productType = "com.apple.product-type.bundle.unit-test";
		};
		86F920AA7003C4739DEA4777 /* CodexMeterCoreiOS */ = {
			isa = PBXNativeTarget;
			buildConfigurationList = 08825117CDA783C23F43E4A6 /* Build configuration list for PBXNativeTarget "CodexMeterCoreiOS" */;
			buildPhases = (
				7EB0FB669E57A117AFA675CF /* Sources */,
			);
			buildRules = (
			);
			dependencies = (
			);
			name = CodexMeterCoreiOS;
			packageProductDependencies = (
			);
			productName = CodexMeterCoreiOS;
			productReference = 64A4FA0C1E3AFD300012B57A /* CodexMeterCoreiOS.framework */;
			productType = "com.apple.product-type.framework";
		};
		9848F6C94726058FF7AE6F06 /* CodexexXPCService */ = {
			isa = PBXNativeTarget;
			buildConfigurationList = 49B29182AE2606AB095E6F43 /* Build configuration list for PBXNativeTarget "CodexexXPCService" */;
			buildPhases = (
				535A4149D90009E98AB2F04B /* Sources */,
				015925E17C5A8D9382EFB1DA /* Frameworks */,
			);
			buildRules = (
			);
			dependencies = (
				40BA4F6EF86788ACA2349E11 /* PBXTargetDependency */,
			);
			name = CodexexXPCService;
			packageProductDependencies = (
			);
			productName = CodexexXPCService;
			productReference = B735A3B02D954FDEAE629D2C /* CodexexXPCService.xpc */;
			productType = "com.apple.product-type.xpc-service";
		};
		C11EDA52EDCB2F70F127D058 /* CodexMeterApp */ = {
			isa = PBXNativeTarget;
			buildConfigurationList = 2CC3261FB983A8148280F250 /* Build configuration list for PBXNativeTarget "CodexMeterApp" */;
			buildPhases = (
				738F2DB80CB9899EEF6355F4 /* Build Codexex Helper */,
				18C3F309E8B439A8B753F7E7 /* Sources */,
				C35E069367BA661B231ADC2A /* Resources */,
				2BB55DC6CC0937FE45CAB3FC /* CopyFiles */,
				971D435088F5B5461F670DF2 /* Frameworks */,
				AE945873E4A5362E5554DC18 /* Embed Frameworks */,
				6FA2BD08D34A799493300803 /* Embed Codexex Helper */,
			);
			buildRules = (
			);
			dependencies = (
				3EDE63151B6DA302543B4662 /* PBXTargetDependency */,
				3CF5873DBF06A4C7EBA91217 /* PBXTargetDependency */,
			);
			name = CodexMeterApp;
			packageProductDependencies = (
				4D1403DF88E1AD84A18E26EB /* Sentry */,
			);
			productName = CodexMeterApp;
			productReference = A6006DA1C920A31C12C2BB4E /* CodexMeterApp.app */;
			productType = "com.apple.product-type.application";
		};
		E001A27FCBC9A09291B94E30 /* CodexMeterCore */ = {
			isa = PBXNativeTarget;
			buildConfigurationList = C23DFBE38C5FCDFE5090D262 /* Build configuration list for PBXNativeTarget "CodexMeterCore" */;
			buildPhases = (
				5067874BEA0CAC4FD131B272 /* Sources */,
			);
			buildRules = (
			);
			dependencies = (
			);
			name = CodexMeterCore;
			packageProductDependencies = (
			);
			productName = CodexMeterCore;
			productReference = 6869618B2897346A3AB60D26 /* CodexMeterCore.framework */;
			productType = "com.apple.product-type.framework";
		};
		FFC6F3A101D7349F54FFB5E0 /* CodexMeterCoreTests */ = {
			isa = PBXNativeTarget;
			buildConfigurationList = 7279B586213DAB42E7DD7E08 /* Build configuration list for PBXNativeTarget "CodexMeterCoreTests" */;
			buildPhases = (
				B4238CE4E7BAC65FBFB5F96A /* Sources */,
				0B0C5D2634BD2F11E38B7EEB /* Frameworks */,
				1AFDE302C8292701AF2825BA /* Embed Frameworks */,
			);
			buildRules = (
			);
			dependencies = (
				4BF93566EABA5E7BBEED16D7 /* PBXTargetDependency */,
			);
			name = CodexMeterCoreTests;
			packageProductDependencies = (
			);
			productName = CodexMeterCoreTests;
			productReference = 0A6E3A9F28BCC97FDAEAA476 /* CodexMeterCoreTests.xctest */;
			productType = "com.apple.product-type.bundle.unit-test";
		};
/* End PBXNativeTarget section */

/* Begin PBXProject section */
		B38BE37301588195707B7CBC /* Project object */ = {
			isa = PBXProject;
			attributes = {
				BuildIndependentTargetsInParallel = YES;
				LastUpgradeCheck = 1430;
				TargetAttributes = {
					020196355A81BE664A68010B = {
						DevelopmentTeam = NPSQV9WYS5;
						ProvisioningStyle = Automatic;
					};
					4FE2642647A310D0B7E2A6E6 = {
						DevelopmentTeam = NPSQV9WYS5;
						ProvisioningStyle = Automatic;
					};
					5009AD218297ED6685E8D0BE = {
						DevelopmentTeam = NPSQV9WYS5;
						ProvisioningStyle = Automatic;
					};
					86F920AA7003C4739DEA4777 = {
						DevelopmentTeam = NPSQV9WYS5;
						ProvisioningStyle = Automatic;
					};
					9848F6C94726058FF7AE6F06 = {
						DevelopmentTeam = NPSQV9WYS5;
						ProvisioningStyle = Automatic;
					};
					C11EDA52EDCB2F70F127D058 = {
						DevelopmentTeam = NPSQV9WYS5;
						ProvisioningStyle = Automatic;
					};
					E001A27FCBC9A09291B94E30 = {
						DevelopmentTeam = NPSQV9WYS5;
						ProvisioningStyle = Automatic;
					};
					FFC6F3A101D7349F54FFB5E0 = {
						DevelopmentTeam = NPSQV9WYS5;
						ProvisioningStyle = Automatic;
					};
				};
			};
			buildConfigurationList = 7BEA9B48EA32E07F45206518 /* Build configuration list for PBXProject "CodexMeter" */;
			developmentRegion = en;
			hasScannedForEncodings = 0;
			knownRegions = (
				Base,
				en,
			);
			mainGroup = F85EB746FCE29E8A39E0A655;
			minimizedProjectReferenceProxies = 1;
			packageReferences = (
				2788D1D4565D3FF58099C81E /* XCRemoteSwiftPackageReference "sentry-cocoa" */,
			);
			preferredProjectObjectVersion = 77;
			productRefGroup = 818C0D10E47D92C62E20625D /* Products */;
			projectDirPath = "";
			projectRoot = "";
			targets = (
				C11EDA52EDCB2F70F127D058 /* CodexMeterApp */,
				4FE2642647A310D0B7E2A6E6 /* CodexMeterAppTests */,
				E001A27FCBC9A09291B94E30 /* CodexMeterCore */,
				FFC6F3A101D7349F54FFB5E0 /* CodexMeterCoreTests */,
				86F920AA7003C4739DEA4777 /* CodexMeterCoreiOS */,
				020196355A81BE664A68010B /* CodexMeteriOS */,
				5009AD218297ED6685E8D0BE /* CodexMeteriOSTests */,
				9848F6C94726058FF7AE6F06 /* CodexexXPCService */,
			);
		};
/* End PBXProject section */

/* Begin PBXResourcesBuildPhase section */
		57732CF0AFF0D09F851F884F /* Resources */ = {
			isa = PBXResourcesBuildPhase;
			buildActionMask = 2147483647;
			files = (
				922F786C08CD8970EC3C1370 /* Assets.xcassets in Resources */,
			);
			runOnlyForDeploymentPostprocessing = 0;
		};
		C35E069367BA661B231ADC2A /* Resources */ = {
			isa = PBXResourcesBuildPhase;
			buildActionMask = 2147483647;
			files = (
				6256AA0A194ABF81E19D313A /* AppIcon.icon in Resources */,
				730F3BE8815401FF450C0155 /* Assets.xcassets in Resources */,
			);
			runOnlyForDeploymentPostprocessing = 0;
		};
/* End PBXResourcesBuildPhase section */

/* Begin PBXShellScriptBuildPhase section */
		6FA2BD08D34A799493300803 /* Embed Codexex Helper */ = {
			isa = PBXShellScriptBuildPhase;
			buildActionMask = 2147483647;
			files = (
			);
			inputFileListPaths = (
			);
			inputPaths = (
				"$(DERIVED_FILE_DIR)/codexex-helper/codexex-helper",
				"$(PROJECT_DIR)/AppStore/CodexexHelper.entitlements",
			);
			name = "Embed Codexex Helper";
			outputFileListPaths = (
			);
			outputPaths = (
				"$(TARGET_BUILD_DIR)/$(CONTENTS_FOLDER_PATH)/Helpers/codexex-helper",
			);
			runOnlyForDeploymentPostprocessing = 0;
			shellPath = /bin/sh;
			shellScript = "\"$PROJECT_DIR/Scripts/embed-codexex-helper.sh\"\n";
		};
		738F2DB80CB9899EEF6355F4 /* Build Codexex Helper */ = {
			isa = PBXShellScriptBuildPhase;
			buildActionMask = 2147483647;
			files = (
			);
			inputFileListPaths = (
			);
			inputPaths = (
				"$(PROJECT_DIR)/Helper/CodexexHelper/Cargo.toml",
				"$(PROJECT_DIR)/Helper/CodexexHelper/Cargo.lock",
				"$(PROJECT_DIR)/Helper/CodexexHelper/src/auth.rs",
				"$(PROJECT_DIR)/Helper/CodexexHelper/src/lib.rs",
				"$(PROJECT_DIR)/Helper/CodexexHelper/src/main.rs",
				"$(PROJECT_DIR)/Helper/CodexexHelper/src/protocol.rs",
				"$(PROJECT_DIR)/Helper/CodexexHelper/src/quota.rs",
				"$(PROJECT_DIR)/Helper/CodexexHelper/src/state.rs",
			);
			name = "Build Codexex Helper";
			outputFileListPaths = (
			);
			outputPaths = (
				"$(DERIVED_FILE_DIR)/codexex-helper/codexex-helper",
			);
			runOnlyForDeploymentPostprocessing = 0;
			shellPath = /bin/sh;
			shellScript = "\"$PROJECT_DIR/Scripts/build-codexex-helper.sh\"\n";
		};
/* End PBXShellScriptBuildPhase section */

/* Begin PBXSourcesBuildPhase section */
		18C3F309E8B439A8B753F7E7 /* Sources */ = {
			isa = PBXSourcesBuildPhase;
			buildActionMask = 2147483647;
			files = (
				11FB5E69156BB0A8CB8C7ABA /* Bundle+CodexVersion.swift in Sources */,
				17640F87C09FECBB553D5520 /* CodexAppLinks.swift in Sources */,
				087306CE7BFE6CE626E4441A /* CodexAppResetter.swift in Sources */,
				60FDC5DB302DDBA630D4C40C /* CodexAppSettings.swift in Sources */,
				5D66AAF61CB0544A6778A318 /* CodexAuthFlow.swift in Sources */,
				193EC7AFFB032DFA821500B6 /* CodexAuthSession.swift in Sources */,
				0D82E69093B19642898C2603 /* CodexDashboardState.swift in Sources */,
				2464986D9560A0BD07E6C0F2 /* CodexDeviceAuthCoordinator.swift in Sources */,
				181A3BEAEEE1855FF052F319 /* CodexHistoryRepository.swift in Sources */,
				8DC11928547AC258492A54B4 /* CodexLaunchAtLoginManager.swift in Sources */,
				22F81F822F338DDEE87B7455 /* CodexLog.swift in Sources */,
				7CD6D1020EA328DC2FB91341 /* CodexMenuBarModel+UI.swift in Sources */,
				3345862044A399E80C2EAFC9 /* CodexMenuBarModel.swift in Sources */,
				71B3E39977240A141201FC7A /* CodexPreviewData.swift in Sources */,
				14552F1B2EEB7E4530B179B2 /* CodexRefreshCoordinator.swift in Sources */,
				90E733EA912DCB2D3E1A768E /* CodexStatusItemController.swift in Sources */,
				F06B50BF36A35008D884B1FE /* CodexSummarySnooze.swift in Sources */,
				F2BAD453253C24E27116E93A /* CodexUsageHistoryAnalytics.swift in Sources */,
				6BF3CA164FBA64B561253B53 /* CodexUsageHistoryStore.swift in Sources */,
				FC55C31870893D02641000D1 /* CodexXPCClient.swift in Sources */,
				2612BDEDDA88004D9176D78D /* GlassCard.swift in Sources */,
				3E4271A0C7BEE3807FDACFC4 /* GlassTokens.swift in Sources */,
				0B4C80DD15E0974A1C293062 /* OnboardingRootView.swift in Sources */,
				0F1ABA1AE10DC28793A2B00F /* OnboardingWindowController.swift in Sources */,
				2036B60D86528A7C1F7A8DD4 /* PopupLimitCardViews.swift in Sources */,
				0D1EDC1B9A047BE21A729FEA /* PopupPresentation.swift in Sources */,
				8B944EC71A661E1310E2D184 /* PopupRootView.swift in Sources */,
				6092EF48D5067D3AEA443F7A /* PopupStatusCardView.swift in Sources */,
				0350F768560D8A4EB52D2596 /* PopupSummaryCardView.swift in Sources */,
				7F89E5F27D60DD0CEFA9CDBB /* PopupUsageHistoryCardView.swift in Sources */,
				647FBBC6090D48536D9B232D /* SettingsAboutCard.swift in Sources */,
				C12091F1FC2EF1E4C5A57DBC /* SettingsAccountCardView.swift in Sources */,
				B2E6AF2E9FEF66375E81002D /* SettingsBehaviorCardView.swift in Sources */,
				1F716FB31CC97F437C153AD1 /* SettingsForecastCardView.swift in Sources */,
				644B39D01815A567068D9F3D /* SettingsFormRows.swift in Sources */,
				BC8B438281A72BF4B14E15BC /* SettingsPopupCardView.swift in Sources */,
				C12CD61D80218EB9FA4D0A22 /* SettingsPreferencesCardView.swift in Sources */,
				F55AFF29F54237991EFDB250 /* SettingsRootView.swift in Sources */,
				7CBC557D3EBEE8CA7F57E6D4 /* SettingsWindowController.swift in Sources */,
				4B1A1E766C201D31CDE00E6E /* StatusBarLabel.swift in Sources */,
				EEF3FBB667330AC39D0617F6 /* main.swift in Sources */,
			);
			runOnlyForDeploymentPostprocessing = 0;
		};
		3CBEE077210EED1B5CF2B87F /* Sources */ = {
			isa = PBXSourcesBuildPhase;
			buildActionMask = 2147483647;
			files = (
				0F64D0C3B63F0E7F1E7F260F /* CodexAppLinksTests.swift in Sources */,
				C43B02F97D41EF39DB75A23C /* CodexAppSettingsTests.swift in Sources */,
				E510502375D830FF2444E505 /* CodexAuthFlowTests.swift in Sources */,
				AEA53DE6CBCE88B60297E5F4 /* CodexAuthSessionTests.swift in Sources */,
				B197AD5E0AF396598F59B2AC /* CodexMenuBarModelAuthRestoreTests.swift in Sources */,
				60BAB253D539CB5D5B3EAC1F /* CodexPopoverSizingTests.swift in Sources */,
				6681CD2BF38A4A5A14EF3ADD /* CodexRefreshCoordinatorTests.swift in Sources */,
				ACD2515368196DC9D4DD8111 /* CodexSummarySnoozeTests.swift in Sources */,
				99ABB6DAC94055696EE03C1D /* CodexUsageInsightsTests.swift in Sources */,
				E906DEEB74DBB7C138F0283E /* PopupPresentationTests.swift in Sources */,
				BBE13929F9BB653DEE20AB8B /* StatusBarLabelTests.swift in Sources */,
			);
			runOnlyForDeploymentPostprocessing = 0;
		};
		416FE8C8E51FA37B60BE8A7F /* Sources */ = {
			isa = PBXSourcesBuildPhase;
			buildActionMask = 2147483647;
			files = (
				AB2FE6A4B740DD6D70A380AF /* CodexiOSModelTests.swift in Sources */,
			);
			runOnlyForDeploymentPostprocessing = 0;
		};
		42174F2F8074081FC8366E78 /* Sources */ = {
			isa = PBXSourcesBuildPhase;
			buildActionMask = 2147483647;
			files = (
				01E0115879B26A5A8BB7AD2D /* CodexSummarySnooze.swift in Sources */,
				229EC58ECE3CFCD8DF564C91 /* CodexUsageHistoryAnalytics.swift in Sources */,
				63E99B528A8DBD3AC0D72413 /* CodexUsageHistoryStore.swift in Sources */,
				1DE8CA42D34331DA5D73EB2D /* CodexexiOSApp.swift in Sources */,
				F9130A4420C79C4986DAE766 /* CodexiOSAppResetter.swift in Sources */,
				ECE1E26B378C4F8589E8B65B /* CodexiOSModel.swift in Sources */,
				ADB34CDE2C32FD957D47CB0F /* CodexiOSOnboardingView.swift in Sources */,
				4392D10B273B2137A532FB34 /* CodexiOSPreviewData.swift in Sources */,
				FFB0D2F0D9A7D4BFFC8C9216 /* CodexiOSRootView.swift in Sources */,
				36D12549C8CAB472B2F8813D /* CodexiOSService.swift in Sources */,
				C1E2FA3C5A90C0CA6AC14439 /* CodexiOSSettingsView.swift in Sources */,
				E89A3AEC81CD97A517303EA6 /* CodexiOSShellView.swift in Sources */,
				27A9B3C611933865DF8185D5 /* PopupPresentation.swift in Sources */,
			);
			runOnlyForDeploymentPostprocessing = 0;
		};
		5067874BEA0CAC4FD131B272 /* Sources */ = {
			isa = PBXSourcesBuildPhase;
			buildActionMask = 2147483647;
			files = (
				EF24F34CDE2523FA8E311794 /* CodexAppServerProbe.swift in Sources */,
				FD4188EA9253F1B034BD599E /* CodexBinaryLocator.swift in Sources */,
				F474E814E2D82839CEFAFD11 /* CodexChatGPTAuthParsing.swift in Sources */,
				CFD2828F9157EDDA0FBA989E /* CodexFormatting.swift in Sources */,
				05F26FC7CCC52F85B67FBA8A /* CodexHelperLineReader.swift in Sources */,
				DD00D5CE6070434B1263329A /* CodexModels.swift in Sources */,
				BD5771A6DC0098064F95FBA9 /* CodexQuotaPresentationRules.swift in Sources */,
				3485B4D8947D184E1E4785A1 /* CodexQuotaSnapshotBuilder.swift in Sources */,
				F6A7ADCC4643141531C0DC88 /* CodexRateLimitPayloadMapper.swift in Sources */,
				D70F0751EFCDADB2666D1D63 /* CodexServiceContracts.swift in Sources */,
				B421A2A4926ED0971E359253 /* TestSupport.swift in Sources */,
			);
			runOnlyForDeploymentPostprocessing = 0;
		};
		535A4149D90009E98AB2F04B /* Sources */ = {
			isa = PBXSourcesBuildPhase;
			buildActionMask = 2147483647;
			files = (
				C76BCA0E924E1B8753F68881 /* CodexHelperProcess.swift in Sources */,
				7305C2F98649F08FE80D04A0 /* CodexHelperSession.swift in Sources */,
				A4609AF211727EC12E2AA27E /* CodexXPCService.swift in Sources */,
				892EBCE2ACE00498D5827E62 /* main.swift in Sources */,
			);
			runOnlyForDeploymentPostprocessing = 0;
		};
		7EB0FB669E57A117AFA675CF /* Sources */ = {
			isa = PBXSourcesBuildPhase;
			buildActionMask = 2147483647;
			files = (
				49CA232E5B819EC369F25345 /* CodexAppServerProbe.swift in Sources */,
				EBF0DF77D84EB224744F6567 /* CodexBinaryLocator.swift in Sources */,
				41836F12DE50487C4B96DD9E /* CodexChatGPTAuthParsing.swift in Sources */,
				091F0761036C0B660CAF4F4F /* CodexFormatting.swift in Sources */,
				030D210C70E01A036F0B550A /* CodexHelperLineReader.swift in Sources */,
				7449C60C9161BC32E0F0F068 /* CodexModels.swift in Sources */,
				89D991735CAA301CAA47D275 /* CodexQuotaPresentationRules.swift in Sources */,
				1325D72972219D26D0B74E4E /* CodexQuotaSnapshotBuilder.swift in Sources */,
				831CF45C2BBFB9E33426D4F7 /* CodexRateLimitPayloadMapper.swift in Sources */,
				667546F85A7A45C96A8F0FC4 /* CodexServiceContracts.swift in Sources */,
				468FBC25524EC0A57F88215D /* TestSupport.swift in Sources */,
			);
			runOnlyForDeploymentPostprocessing = 0;
		};
		B4238CE4E7BAC65FBFB5F96A /* Sources */ = {
			isa = PBXSourcesBuildPhase;
			buildActionMask = 2147483647;
			files = (
				9A4D02C4FBEBAF3542616A75 /* CodexBinaryLocatorTests.swift in Sources */,
				F21B4C1F8C5378293119ADAB /* CodexChatGPTAuthParsingTests.swift in Sources */,
				0D5147B0A0D575B227E2C660 /* CodexFormattingTests.swift in Sources */,
				4651EB5530FD38D2992097C7 /* CodexHelperLineReaderTests.swift in Sources */,
				D8038B694EA9FA27A7B46AE5 /* CodexQuotaPresentationRulesTests.swift in Sources */,
				9B84CC609C813BD6753FD295 /* CodexRateLimitPayloadMapperTests.swift in Sources */,
				589F77FEADA1044E87EFEAC6 /* CodexServiceContractsTests.swift in Sources */,
				CD116997DA122E934905992A /* CodexSnapshotParityTests.swift in Sources */,
				F8ED4E0F636294445478971B /* CodexSnapshotParsingTests.swift in Sources */,
			);
			runOnlyForDeploymentPostprocessing = 0;
		};
/* End PBXSourcesBuildPhase section */

/* Begin PBXTargetDependency section */
		2028DFFC9E26F2061E55C21A /* PBXTargetDependency */ = {
			isa = PBXTargetDependency;
			target = 020196355A81BE664A68010B /* CodexMeteriOS */;
			targetProxy = FE49CDBA219015BEA17B7912 /* PBXContainerItemProxy */;
		};
		3CF5873DBF06A4C7EBA91217 /* PBXTargetDependency */ = {
			isa = PBXTargetDependency;
			target = 9848F6C94726058FF7AE6F06 /* CodexexXPCService */;
			targetProxy = 7D6A8AB487ABD4313B8DCB71 /* PBXContainerItemProxy */;
		};
		3EDE63151B6DA302543B4662 /* PBXTargetDependency */ = {
			isa = PBXTargetDependency;
			target = E001A27FCBC9A09291B94E30 /* CodexMeterCore */;
			targetProxy = FFCF6978E6A2EEBA558C13CF /* PBXContainerItemProxy */;
		};
		40BA4F6EF86788ACA2349E11 /* PBXTargetDependency */ = {
			isa = PBXTargetDependency;
			target = E001A27FCBC9A09291B94E30 /* CodexMeterCore */;
			targetProxy = 6CF1DE2917AE53EE8E89A070 /* PBXContainerItemProxy */;
		};
		440FC600BF3C5956202422F0 /* PBXTargetDependency */ = {
			isa = PBXTargetDependency;
			target = C11EDA52EDCB2F70F127D058 /* CodexMeterApp */;
			targetProxy = 92D67519256D04A22027E755 /* PBXContainerItemProxy */;
		};
		4BF93566EABA5E7BBEED16D7 /* PBXTargetDependency */ = {
			isa = PBXTargetDependency;
			target = E001A27FCBC9A09291B94E30 /* CodexMeterCore */;
			targetProxy = 5CD8BA5383E5ECCF48699D73 /* PBXContainerItemProxy */;
		};
		6388893D3C1E27B01B882FE8 /* PBXTargetDependency */ = {
			isa = PBXTargetDependency;
			target = 86F920AA7003C4739DEA4777 /* CodexMeterCoreiOS */;
			targetProxy = 932B5340C456A18D832214A7 /* PBXContainerItemProxy */;
		};
		6FAA778C9F5D185C46BC789B /* PBXTargetDependency */ = {
			isa = PBXTargetDependency;
			target = 86F920AA7003C4739DEA4777 /* CodexMeterCoreiOS */;
			targetProxy = C3A4150246640451E39AFF48 /* PBXContainerItemProxy */;
		};
		A2B25692B3B24094B61DCBC2 /* PBXTargetDependency */ = {
			isa = PBXTargetDependency;
			target = E001A27FCBC9A09291B94E30 /* CodexMeterCore */;
			targetProxy = 63378E9F3A898639A79D8CC9 /* PBXContainerItemProxy */;
		};
/* End PBXTargetDependency section */

/* Begin XCBuildConfiguration section */
		00751ED8330DAB873CE19BB1 /* Release */ = {
			isa = XCBuildConfiguration;
			buildSettings = {
				CODE_SIGN_IDENTITY = "";
				CURRENT_PROJECT_VERSION = 1;
				DEFINES_MODULE = YES;
				DYLIB_COMPATIBILITY_VERSION = 1;
				DYLIB_CURRENT_VERSION = 1;
				DYLIB_INSTALL_NAME_BASE = "@rpath";
				GENERATE_INFOPLIST_FILE = YES;
				INSTALL_PATH = "$(LOCAL_LIBRARY_DIR)/Frameworks";
				LD_RUNPATH_SEARCH_PATHS = (
					"$(inherited)",
					"@executable_path/Frameworks",
				);
				PRODUCT_BUNDLE_IDENTIFIER = com.magrathean.CodexexApp.iOS.CodexMeterCore;
				PRODUCT_MODULE_NAME = CodexMeterCore;
				PRODUCT_NAME = CodexMeterCore;
				SDKROOT = iphoneos;
				SKIP_INSTALL = YES;
				TARGETED_DEVICE_FAMILY = "1,2";
				VERSIONING_SYSTEM = "apple-generic";
			};
			name = Release;
		};
		091556CCA1539907D6D34739 /* Debug */ = {
			isa = XCBuildConfiguration;
			buildSettings = {
				ASSETCATALOG_COMPILER_APPICON_NAME = iOSAppIcon;
				CODE_SIGN_IDENTITY = "iPhone Developer";
				GENERATE_INFOPLIST_FILE = YES;
				INFOPLIST_KEY_CFBundleDisplayName = Codexex;
				INFOPLIST_KEY_ITSAppUsesNonExemptEncryption = NO;
				INFOPLIST_KEY_LSApplicationCategoryType = "public.app-category.utilities";
				INFOPLIST_KEY_UIApplicationSceneManifest_Generation = YES;
				INFOPLIST_KEY_UIApplicationSupportsMultipleScenes = YES;
				INFOPLIST_KEY_UILaunchScreen_Generation = YES;
				INFOPLIST_KEY_UISupportedInterfaceOrientations = (
					UIInterfaceOrientationPortrait,
					UIInterfaceOrientationLandscapeLeft,
					UIInterfaceOrientationLandscapeRight,
				);
				INFOPLIST_KEY_UISupportedInterfaceOrientations_iPad = (
					UIInterfaceOrientationPortrait,
					UIInterfaceOrientationPortraitUpsideDown,
					UIInterfaceOrientationLandscapeLeft,
					UIInterfaceOrientationLandscapeRight,
				);
				LD_RUNPATH_SEARCH_PATHS = (
					"$(inherited)",
					"@executable_path/Frameworks",
				);
				PRODUCT_BUNDLE_IDENTIFIER = com.magrathean.CodexexApp;
				PRODUCT_NAME = Codexex;
				SDKROOT = iphoneos;
				TARGETED_DEVICE_FAMILY = "1,2";
			};
			name = Debug;
		};
		108E8E25A2F87250F9480D8B /* Debug */ = {
			isa = XCBuildConfiguration;
			buildSettings = {
				BUNDLE_LOADER = "$(TEST_HOST)";
				COMBINE_HIDPI_IMAGES = YES;
				GENERATE_INFOPLIST_FILE = YES;
				LD_RUNPATH_SEARCH_PATHS = (
					"$(inherited)",
					"@executable_path/../Frameworks",
					"@loader_path/../Frameworks",
				);
				PRODUCT_BUNDLE_IDENTIFIER = com.magrathean.CodexexApp.CodexMeterCoreTests;
				SDKROOT = macosx;
			};
			name = Debug;
		};
		1126F37EF7270CAEEC7E155A /* Release */ = {
			isa = XCBuildConfiguration;
			buildSettings = {
				ASSETCATALOG_COMPILER_APPICON_NAME = iOSAppIcon;
				CODE_SIGN_IDENTITY = "iPhone Developer";
				GENERATE_INFOPLIST_FILE = YES;
				INFOPLIST_KEY_CFBundleDisplayName = Codexex;
				INFOPLIST_KEY_ITSAppUsesNonExemptEncryption = NO;
				INFOPLIST_KEY_LSApplicationCategoryType = "public.app-category.utilities";
				INFOPLIST_KEY_UIApplicationSceneManifest_Generation = YES;
				INFOPLIST_KEY_UIApplicationSupportsMultipleScenes = YES;
				INFOPLIST_KEY_UILaunchScreen_Generation = YES;
				INFOPLIST_KEY_UISupportedInterfaceOrientations = (
					UIInterfaceOrientationPortrait,
					UIInterfaceOrientationLandscapeLeft,
					UIInterfaceOrientationLandscapeRight,
				);
				INFOPLIST_KEY_UISupportedInterfaceOrientations_iPad = (
					UIInterfaceOrientationPortrait,
					UIInterfaceOrientationPortraitUpsideDown,
					UIInterfaceOrientationLandscapeLeft,
					UIInterfaceOrientationLandscapeRight,
				);
				LD_RUNPATH_SEARCH_PATHS = (
					"$(inherited)",
					"@executable_path/Frameworks",
				);
				PRODUCT_BUNDLE_IDENTIFIER = com.magrathean.CodexexApp;
				PRODUCT_NAME = Codexex;
				SDKROOT = iphoneos;
				TARGETED_DEVICE_FAMILY = "1,2";
			};
			name = Release;
		};
		1933FF27C2A726DCFC2F465D /* Release */ = {
			isa = XCBuildConfiguration;
			buildSettings = {
				CODE_SIGN_ENTITLEMENTS = AppStore/CodexexXPCService.entitlements;
				COMBINE_HIDPI_IMAGES = YES;
				ENABLE_APP_SANDBOX = YES;
				GENERATE_INFOPLIST_FILE = NO;
				INFOPLIST_FILE = Sources/CodexexXPCService/Info.plist;
				LD_RUNPATH_SEARCH_PATHS = (
					"$(inherited)",
					"@executable_path/../Frameworks",
					"@executable_path/../../../../Frameworks",
				);
				PRODUCT_BUNDLE_IDENTIFIER = com.magrathean.CodexexApp.CodexexXPCService;
				SDKROOT = macosx;
			};
			name = Release;
		};
		3BCF954073D78D03BFA0306F /* Release */ = {
			isa = XCBuildConfiguration;
			buildSettings = {
				CODE_SIGN_IDENTITY = "";
				COMBINE_HIDPI_IMAGES = YES;
				CURRENT_PROJECT_VERSION = 1;
				DEFINES_MODULE = YES;
				DYLIB_COMPATIBILITY_VERSION = 1;
				DYLIB_CURRENT_VERSION = 1;
				DYLIB_INSTALL_NAME_BASE = "@rpath";
				GENERATE_INFOPLIST_FILE = YES;
				INSTALL_PATH = "$(LOCAL_LIBRARY_DIR)/Frameworks";
				LD_RUNPATH_SEARCH_PATHS = (
					"$(inherited)",
					"@executable_path/../Frameworks",
				);
				PRODUCT_BUNDLE_IDENTIFIER = com.magrathean.CodexexApp.CodexMeterCore;
				SDKROOT = macosx;
				SKIP_INSTALL = YES;
				VERSIONING_SYSTEM = "apple-generic";
			};
			name = Release;
		};
		4FB57605F5CFE8F7A1852C4E /* Debug */ = {
			isa = XCBuildConfiguration;
			buildSettings = {
				CODE_SIGN_IDENTITY = "";
				CURRENT_PROJECT_VERSION = 1;
				DEFINES_MODULE = YES;
				DYLIB_COMPATIBILITY_VERSION = 1;
				DYLIB_CURRENT_VERSION = 1;
				DYLIB_INSTALL_NAME_BASE = "@rpath";
				GENERATE_INFOPLIST_FILE = YES;
				INSTALL_PATH = "$(LOCAL_LIBRARY_DIR)/Frameworks";
				LD_RUNPATH_SEARCH_PATHS = (
					"$(inherited)",
					"@executable_path/Frameworks",
				);
				PRODUCT_BUNDLE_IDENTIFIER = com.magrathean.CodexexApp.iOS.CodexMeterCore;
				PRODUCT_MODULE_NAME = CodexMeterCore;
				PRODUCT_NAME = CodexMeterCore;
				SDKROOT = iphoneos;
				SKIP_INSTALL = YES;
				TARGETED_DEVICE_FAMILY = "1,2";
				VERSIONING_SYSTEM = "apple-generic";
			};
			name = Debug;
		};
		5BF015380DA7897E19BAE6C2 /* Debug */ = {
			isa = XCBuildConfiguration;
			buildSettings = {
				CODE_SIGN_IDENTITY = "";
				COMBINE_HIDPI_IMAGES = YES;
				CURRENT_PROJECT_VERSION = 1;
				DEFINES_MODULE = YES;
				DYLIB_COMPATIBILITY_VERSION = 1;
				DYLIB_CURRENT_VERSION = 1;
				DYLIB_INSTALL_NAME_BASE = "@rpath";
				GENERATE_INFOPLIST_FILE = YES;
				INSTALL_PATH = "$(LOCAL_LIBRARY_DIR)/Frameworks";
				LD_RUNPATH_SEARCH_PATHS = (
					"$(inherited)",
					"@executable_path/../Frameworks",
				);
				PRODUCT_BUNDLE_IDENTIFIER = com.magrathean.CodexexApp.CodexMeterCore;
				SDKROOT = macosx;
				SKIP_INSTALL = YES;
				VERSIONING_SYSTEM = "apple-generic";
			};
			name = Debug;
		};
		6244CD3F1F8487F2497BCD86 /* Release */ = {
			isa = XCBuildConfiguration;
			buildSettings = {
				ALWAYS_SEARCH_USER_PATHS = NO;
				CLANG_ANALYZER_NONNULL = YES;
				CLANG_ANALYZER_NUMBER_OBJECT_CONVERSION = YES_AGGRESSIVE;
				CLANG_CXX_LANGUAGE_STANDARD = "gnu++14";
				CLANG_CXX_LIBRARY = "libc++";
				CLANG_ENABLE_MODULES = YES;
				CLANG_ENABLE_OBJC_ARC = YES;
				CLANG_ENABLE_OBJC_WEAK = YES;
				CLANG_WARN_BLOCK_CAPTURE_AUTORELEASING = YES;
				CLANG_WARN_BOOL_CONVERSION = YES;
				CLANG_WARN_COMMA = YES;
				CLANG_WARN_CONSTANT_CONVERSION = YES;
				CLANG_WARN_DEPRECATED_OBJC_IMPLEMENTATIONS = YES;
				CLANG_WARN_DIRECT_OBJC_ISA_USAGE = YES_ERROR;
				CLANG_WARN_DOCUMENTATION_COMMENTS = YES;
				CLANG_WARN_EMPTY_BODY = YES;
				CLANG_WARN_ENUM_CONVERSION = YES;
				CLANG_WARN_INFINITE_RECURSION = YES;
				CLANG_WARN_INT_CONVERSION = YES;
				CLANG_WARN_NON_LITERAL_NULL_CONVERSION = YES;
				CLANG_WARN_OBJC_IMPLICIT_RETAIN_SELF = YES;
				CLANG_WARN_OBJC_LITERAL_CONVERSION = YES;
				CLANG_WARN_OBJC_ROOT_CLASS = YES_ERROR;
				CLANG_WARN_QUOTED_INCLUDE_IN_FRAMEWORK_HEADER = YES;
				CLANG_WARN_RANGE_LOOP_ANALYSIS = YES;
				CLANG_WARN_STRICT_PROTOTYPES = YES;
				CLANG_WARN_SUSPICIOUS_MOVE = YES;
				CLANG_WARN_UNGUARDED_AVAILABILITY = YES_AGGRESSIVE;
				CLANG_WARN_UNREACHABLE_CODE = YES;
				CLANG_WARN__DUPLICATE_METHOD_MATCH = YES;
				CODE_SIGN_STYLE = Automatic;
				COPY_PHASE_STRIP = NO;
				CURRENT_PROJECT_VERSION = 4;
				DEBUG_INFORMATION_FORMAT = "dwarf-with-dsym";
				DEVELOPMENT_TEAM = NPSQV9WYS5;
				ENABLE_NS_ASSERTIONS = NO;
				ENABLE_STRICT_OBJC_MSGSEND = YES;
				GCC_C_LANGUAGE_STANDARD = gnu11;
				GCC_NO_COMMON_BLOCKS = YES;
				GCC_WARN_64_TO_32_BIT_CONVERSION = YES;
				GCC_WARN_ABOUT_RETURN_TYPE = YES_ERROR;
				GCC_WARN_UNDECLARED_SELECTOR = YES;
				GCC_WARN_UNINITIALIZED_AUTOS = YES_AGGRESSIVE;
				GCC_WARN_UNUSED_FUNCTION = YES;
				GCC_WARN_UNUSED_VARIABLE = YES;
				IPHONEOS_DEPLOYMENT_TARGET = 26.0;
				MACOSX_DEPLOYMENT_TARGET = 26.0;
				MARKETING_VERSION = 3.0;
				MTL_ENABLE_DEBUG_INFO = NO;
				MTL_FAST_MATH = YES;
				PRODUCT_NAME = "$(TARGET_NAME)";
				SUPPORTS_MACCATALYST = NO;
				SWIFT_COMPILATION_MODE = wholemodule;
				SWIFT_OPTIMIZATION_LEVEL = "-O";
				SWIFT_VERSION = 6.0;
			};
			name = Release;
		};
		679FB2617F8FEE73CA59D3CD /* Release */ = {
			isa = XCBuildConfiguration;
			buildSettings = {
				BUNDLE_LOADER = "$(TEST_HOST)";
				GENERATE_INFOPLIST_FILE = YES;
				LD_RUNPATH_SEARCH_PATHS = (
					"$(inherited)",
					"@executable_path/Frameworks",
					"@loader_path/Frameworks",
				);
				PRODUCT_BUNDLE_IDENTIFIER = com.magrathean.CodexexApp.CodexMeteriOSTests;
				SDKROOT = iphoneos;
				TARGETED_DEVICE_FAMILY = "1,2";
				TEST_HOST = "$(BUILT_PRODUCTS_DIR)/Codexex.app/Codexex";
			};
			name = Release;
		};
		7918007F3E2BDCEE0CDF12A2 /* Debug */ = {
			isa = XCBuildConfiguration;
			buildSettings = {
				ASSETCATALOG_COMPILER_APPICON_NAME = AppIcon;
				CODE_SIGN_ENTITLEMENTS = AppStore/Codexex.entitlements;
				COMBINE_HIDPI_IMAGES = YES;
				ENABLE_APP_SANDBOX = YES;
				GENERATE_INFOPLIST_FILE = YES;
				INFOPLIST_KEY_CFBundleDisplayName = Codexex;
				INFOPLIST_KEY_ITSAppUsesNonExemptEncryption = NO;
				INFOPLIST_KEY_LSApplicationCategoryType = "public.app-category.utilities";
				INFOPLIST_KEY_LSUIElement = YES;
				INFOPLIST_KEY_SENTRY_DSN = "https://1031cc43019235bb364666e515493646@o4511264196788224.ingest.de.sentry.io/4511291411595344";
				LD_RUNPATH_SEARCH_PATHS = (
					"$(inherited)",
					"@executable_path/../Frameworks",
				);
				PRODUCT_BUNDLE_IDENTIFIER = com.magrathean.CodexexApp;
				PRODUCT_MODULE_NAME = CodexMeterApp;
				PRODUCT_NAME = Codexex;
				SDKROOT = macosx;
			};
			name = Debug;
		};
		BB26AAABA96B1AE85D1C6ED6 /* Debug */ = {
			isa = XCBuildConfiguration;
			buildSettings = {
				BUNDLE_LOADER = "$(TEST_HOST)";
				COMBINE_HIDPI_IMAGES = YES;
				GENERATE_INFOPLIST_FILE = YES;
				LD_RUNPATH_SEARCH_PATHS = (
					"$(inherited)",
					"@executable_path/../Frameworks",
					"@loader_path/../Frameworks",
				);
				PRODUCT_BUNDLE_IDENTIFIER = com.magrathean.CodexexApp.CodexMeterAppTests;
				SDKROOT = macosx;
				TEST_HOST = "$(BUILT_PRODUCTS_DIR)/Codexex.app/Contents/MacOS/Codexex";
			};
			name = Debug;
		};
		D341D46E74AB2BA3B3FD4F25 /* Release */ = {
			isa = XCBuildConfiguration;
			buildSettings = {
				BUNDLE_LOADER = "$(TEST_HOST)";
				COMBINE_HIDPI_IMAGES = YES;
				GENERATE_INFOPLIST_FILE = YES;
				LD_RUNPATH_SEARCH_PATHS = (
					"$(inherited)",
					"@executable_path/../Frameworks",
					"@loader_path/../Frameworks",
				);
				PRODUCT_BUNDLE_IDENTIFIER = com.magrathean.CodexexApp.CodexMeterCoreTests;
				SDKROOT = macosx;
			};
			name = Release;
		};
		DB93597C870ADBD0BF23D3C0 /* Release */ = {
			isa = XCBuildConfiguration;
			buildSettings = {
				ASSETCATALOG_COMPILER_APPICON_NAME = AppIcon;
				CODE_SIGN_ENTITLEMENTS = AppStore/Codexex.entitlements;
				COMBINE_HIDPI_IMAGES = YES;
				ENABLE_APP_SANDBOX = YES;
				GENERATE_INFOPLIST_FILE = YES;
				INFOPLIST_KEY_CFBundleDisplayName = Codexex;
				INFOPLIST_KEY_ITSAppUsesNonExemptEncryption = NO;
				INFOPLIST_KEY_LSApplicationCategoryType = "public.app-category.utilities";
				INFOPLIST_KEY_LSUIElement = YES;
				INFOPLIST_KEY_SENTRY_DSN = "https://1031cc43019235bb364666e515493646@o4511264196788224.ingest.de.sentry.io/4511291411595344";
				LD_RUNPATH_SEARCH_PATHS = (
					"$(inherited)",
					"@executable_path/../Frameworks",
				);
				PRODUCT_BUNDLE_IDENTIFIER = com.magrathean.CodexexApp;
				PRODUCT_MODULE_NAME = CodexMeterApp;
				PRODUCT_NAME = Codexex;
				SDKROOT = macosx;
			};
			name = Release;
		};
		DF917F17A882E36CD46F3B90 /* Debug */ = {
			isa = XCBuildConfiguration;
			buildSettings = {
				ALWAYS_SEARCH_USER_PATHS = NO;
				CLANG_ANALYZER_NONNULL = YES;
				CLANG_ANALYZER_NUMBER_OBJECT_CONVERSION = YES_AGGRESSIVE;
				CLANG_CXX_LANGUAGE_STANDARD = "gnu++14";
				CLANG_CXX_LIBRARY = "libc++";
				CLANG_ENABLE_MODULES = YES;
				CLANG_ENABLE_OBJC_ARC = YES;
				CLANG_ENABLE_OBJC_WEAK = YES;
				CLANG_WARN_BLOCK_CAPTURE_AUTORELEASING = YES;
				CLANG_WARN_BOOL_CONVERSION = YES;
				CLANG_WARN_COMMA = YES;
				CLANG_WARN_CONSTANT_CONVERSION = YES;
				CLANG_WARN_DEPRECATED_OBJC_IMPLEMENTATIONS = YES;
				CLANG_WARN_DIRECT_OBJC_ISA_USAGE = YES_ERROR;
				CLANG_WARN_DOCUMENTATION_COMMENTS = YES;
				CLANG_WARN_EMPTY_BODY = YES;
				CLANG_WARN_ENUM_CONVERSION = YES;
				CLANG_WARN_INFINITE_RECURSION = YES;
				CLANG_WARN_INT_CONVERSION = YES;
				CLANG_WARN_NON_LITERAL_NULL_CONVERSION = YES;
				CLANG_WARN_OBJC_IMPLICIT_RETAIN_SELF = YES;
				CLANG_WARN_OBJC_LITERAL_CONVERSION = YES;
				CLANG_WARN_OBJC_ROOT_CLASS = YES_ERROR;
				CLANG_WARN_QUOTED_INCLUDE_IN_FRAMEWORK_HEADER = YES;
				CLANG_WARN_RANGE_LOOP_ANALYSIS = YES;
				CLANG_WARN_STRICT_PROTOTYPES = YES;
				CLANG_WARN_SUSPICIOUS_MOVE = YES;
				CLANG_WARN_UNGUARDED_AVAILABILITY = YES_AGGRESSIVE;
				CLANG_WARN_UNREACHABLE_CODE = YES;
				CLANG_WARN__DUPLICATE_METHOD_MATCH = YES;
				CODE_SIGN_STYLE = Automatic;
				COPY_PHASE_STRIP = NO;
				CURRENT_PROJECT_VERSION = 4;
				DEBUG_INFORMATION_FORMAT = dwarf;
				DEVELOPMENT_TEAM = NPSQV9WYS5;
				ENABLE_STRICT_OBJC_MSGSEND = YES;
				ENABLE_TESTABILITY = YES;
				GCC_C_LANGUAGE_STANDARD = gnu11;
				GCC_DYNAMIC_NO_PIC = NO;
				GCC_NO_COMMON_BLOCKS = YES;
				GCC_OPTIMIZATION_LEVEL = 0;
				GCC_PREPROCESSOR_DEFINITIONS = (
					"$(inherited)",
					"DEBUG=1",
				);
				GCC_WARN_64_TO_32_BIT_CONVERSION = YES;
				GCC_WARN_ABOUT_RETURN_TYPE = YES_ERROR;
				GCC_WARN_UNDECLARED_SELECTOR = YES;
				GCC_WARN_UNINITIALIZED_AUTOS = YES_AGGRESSIVE;
				GCC_WARN_UNUSED_FUNCTION = YES;
				GCC_WARN_UNUSED_VARIABLE = YES;
				IPHONEOS_DEPLOYMENT_TARGET = 26.0;
				MACOSX_DEPLOYMENT_TARGET = 26.0;
				MARKETING_VERSION = 3.0;
				MTL_ENABLE_DEBUG_INFO = INCLUDE_SOURCE;
				MTL_FAST_MATH = YES;
				ONLY_ACTIVE_ARCH = YES;
				PRODUCT_NAME = "$(TARGET_NAME)";
				SUPPORTS_MACCATALYST = NO;
				SWIFT_ACTIVE_COMPILATION_CONDITIONS = DEBUG;
				SWIFT_OPTIMIZATION_LEVEL = "-Onone";
				SWIFT_VERSION = 6.0;
			};
			name = Debug;
		};
		E69ED3F1DEB28D16DD96133B /* Debug */ = {
			isa = XCBuildConfiguration;
			buildSettings = {
				BUNDLE_LOADER = "$(TEST_HOST)";
				GENERATE_INFOPLIST_FILE = YES;
				LD_RUNPATH_SEARCH_PATHS = (
					"$(inherited)",
					"@executable_path/Frameworks",
					"@loader_path/Frameworks",
				);
				PRODUCT_BUNDLE_IDENTIFIER = com.magrathean.CodexexApp.CodexMeteriOSTests;
				SDKROOT = iphoneos;
				TARGETED_DEVICE_FAMILY = "1,2";
				TEST_HOST = "$(BUILT_PRODUCTS_DIR)/Codexex.app/Codexex";
			};
			name = Debug;
		};
		FD2E96AC6561425FC9845FD2 /* Release */ = {
			isa = XCBuildConfiguration;
			buildSettings = {
				BUNDLE_LOADER = "$(TEST_HOST)";
				COMBINE_HIDPI_IMAGES = YES;
				GENERATE_INFOPLIST_FILE = YES;
				LD_RUNPATH_SEARCH_PATHS = (
					"$(inherited)",
					"@executable_path/../Frameworks",
					"@loader_path/../Frameworks",
				);
				PRODUCT_BUNDLE_IDENTIFIER = com.magrathean.CodexexApp.CodexMeterAppTests;
				SDKROOT = macosx;
				TEST_HOST = "$(BUILT_PRODUCTS_DIR)/Codexex.app/Contents/MacOS/Codexex";
			};
			name = Release;
		};
		FD67779259F06A36F179DE90 /* Debug */ = {
			isa = XCBuildConfiguration;
			buildSettings = {
				CODE_SIGN_ENTITLEMENTS = AppStore/CodexexXPCService.entitlements;
				COMBINE_HIDPI_IMAGES = YES;
				ENABLE_APP_SANDBOX = YES;
				GENERATE_INFOPLIST_FILE = NO;
				INFOPLIST_FILE = Sources/CodexexXPCService/Info.plist;
				LD_RUNPATH_SEARCH_PATHS = (
					"$(inherited)",
					"@executable_path/../Frameworks",
					"@executable_path/../../../../Frameworks",
				);
				PRODUCT_BUNDLE_IDENTIFIER = com.magrathean.CodexexApp.CodexexXPCService;
				SDKROOT = macosx;
			};
			name = Debug;
		};
/* End XCBuildConfiguration section */

/* Begin XCConfigurationList section */
		08825117CDA783C23F43E4A6 /* Build configuration list for PBXNativeTarget "CodexMeterCoreiOS" */ = {
			isa = XCConfigurationList;
			buildConfigurations = (
				4FB57605F5CFE8F7A1852C4E /* Debug */,
				00751ED8330DAB873CE19BB1 /* Release */,
			);
			defaultConfigurationIsVisible = 0;
			defaultConfigurationName = Debug;
		};
		2CC3261FB983A8148280F250 /* Build configuration list for PBXNativeTarget "CodexMeterApp" */ = {
			isa = XCConfigurationList;
			buildConfigurations = (
				7918007F3E2BDCEE0CDF12A2 /* Debug */,
				DB93597C870ADBD0BF23D3C0 /* Release */,
			);
			defaultConfigurationIsVisible = 0;
			defaultConfigurationName = Debug;
		};
		49B29182AE2606AB095E6F43 /* Build configuration list for PBXNativeTarget "CodexexXPCService" */ = {
			isa = XCConfigurationList;
			buildConfigurations = (
				FD67779259F06A36F179DE90 /* Debug */,
				1933FF27C2A726DCFC2F465D /* Release */,
			);
			defaultConfigurationIsVisible = 0;
			defaultConfigurationName = Debug;
		};
		50A94E750437B83E6F98200B /* Build configuration list for PBXNativeTarget "CodexMeteriOSTests" */ = {
			isa = XCConfigurationList;
			buildConfigurations = (
				E69ED3F1DEB28D16DD96133B /* Debug */,
				679FB2617F8FEE73CA59D3CD /* Release */,
			);
			defaultConfigurationIsVisible = 0;
			defaultConfigurationName = Debug;
		};
		7279B586213DAB42E7DD7E08 /* Build configuration list for PBXNativeTarget "CodexMeterCoreTests" */ = {
			isa = XCConfigurationList;
			buildConfigurations = (
				108E8E25A2F87250F9480D8B /* Debug */,
				D341D46E74AB2BA3B3FD4F25 /* Release */,
			);
			defaultConfigurationIsVisible = 0;
			defaultConfigurationName = Debug;
		};
		7BEA9B48EA32E07F45206518 /* Build configuration list for PBXProject "CodexMeter" */ = {
			isa = XCConfigurationList;
			buildConfigurations = (
				DF917F17A882E36CD46F3B90 /* Debug */,
				6244CD3F1F8487F2497BCD86 /* Release */,
			);
			defaultConfigurationIsVisible = 0;
			defaultConfigurationName = Debug;
		};
		7F7D365776B2C2F2FE4FA98D /* Build configuration list for PBXNativeTarget "CodexMeterAppTests" */ = {
			isa = XCConfigurationList;
			buildConfigurations = (
				BB26AAABA96B1AE85D1C6ED6 /* Debug */,
				FD2E96AC6561425FC9845FD2 /* Release */,
			);
			defaultConfigurationIsVisible = 0;
			defaultConfigurationName = Debug;
		};
		BF71A19C91D33C39D6AEBC0B /* Build configuration list for PBXNativeTarget "CodexMeteriOS" */ = {
			isa = XCConfigurationList;
			buildConfigurations = (
				091556CCA1539907D6D34739 /* Debug */,
				1126F37EF7270CAEEC7E155A /* Release */,
			);
			defaultConfigurationIsVisible = 0;
			defaultConfigurationName = Debug;
		};
		C23DFBE38C5FCDFE5090D262 /* Build configuration list for PBXNativeTarget "CodexMeterCore" */ = {
			isa = XCConfigurationList;
			buildConfigurations = (
				5BF015380DA7897E19BAE6C2 /* Debug */,
				3BCF954073D78D03BFA0306F /* Release */,
			);
			defaultConfigurationIsVisible = 0;
			defaultConfigurationName = Debug;
		};
/* End XCConfigurationList section */

/* Begin XCRemoteSwiftPackageReference section */
		2788D1D4565D3FF58099C81E /* XCRemoteSwiftPackageReference "sentry-cocoa" */ = {
			isa = XCRemoteSwiftPackageReference;
			repositoryURL = "https://github.com/getsentry/sentry-cocoa.git";
			requirement = {
				kind = exactVersion;
				version = 8.58.0;
			};
		};
/* End XCRemoteSwiftPackageReference section */

/* Begin XCSwiftPackageProductDependency section */
		4D1403DF88E1AD84A18E26EB /* Sentry */ = {
			isa = XCSwiftPackageProductDependency;
			package = 2788D1D4565D3FF58099C81E /* XCRemoteSwiftPackageReference "sentry-cocoa" */;
			productName = Sentry;
		};
/* End XCSwiftPackageProductDependency section */
	};
	rootObject = B38BE37301588195707B7CBC /* Project object */;
}
